// !$*UTF8*$!
{
	archiveVersion = 1;
	classes = {
	};
	objectVersion = 55;
	objects = {

/* Begin PBXBuildFile section */
		16E35826E03E14564D74F8D8 /* Pods_MYONGSIK_MYONGSIKUITests.framework in Frameworks */ = {isa = PBXBuildFile; fileRef = 0F3766A332C9FBAAF6A71FF8 /* Pods_MYONGSIK_MYONGSIKUITests.framework */; };
		23166A7228FECD9D002AEFB7 /* AppDelegate.swift in Sources */ = {isa = PBXBuildFile; fileRef = 23166A7128FECD9D002AEFB7 /* AppDelegate.swift */; };
		23166A7428FECD9D002AEFB7 /* SceneDelegate.swift in Sources */ = {isa = PBXBuildFile; fileRef = 23166A7328FECD9D002AEFB7 /* SceneDelegate.swift */; };
		23166A7628FECD9D002AEFB7 /* MainViewController.swift in Sources */ = {isa = PBXBuildFile; fileRef = 23166A7528FECD9D002AEFB7 /* MainViewController.swift */; };
		23166A7928FECD9D002AEFB7 /* Main.storyboard in Resources */ = {isa = PBXBuildFile; fileRef = 23166A7728FECD9D002AEFB7 /* Main.storyboard */; };
		23166A7B28FECD9E002AEFB7 /* Assets.xcassets in Resources */ = {isa = PBXBuildFile; fileRef = 23166A7A28FECD9E002AEFB7 /* Assets.xcassets */; };
		23166A7E28FECD9E002AEFB7 /* LaunchScreen.storyboard in Resources */ = {isa = PBXBuildFile; fileRef = 23166A7C28FECD9E002AEFB7 /* LaunchScreen.storyboard */; };
		23166A8928FECD9F002AEFB7 /* MYONGSIKTests.swift in Sources */ = {isa = PBXBuildFile; fileRef = 23166A8828FECD9F002AEFB7 /* MYONGSIKTests.swift */; };
		23166A9328FECD9F002AEFB7 /* MYONGSIKUITests.swift in Sources */ = {isa = PBXBuildFile; fileRef = 23166A9228FECD9F002AEFB7 /* MYONGSIKUITests.swift */; };
		23166A9528FECD9F002AEFB7 /* MYONGSIKUITestsLaunchTests.swift in Sources */ = {isa = PBXBuildFile; fileRef = 23166A9428FECD9F002AEFB7 /* MYONGSIKUITestsLaunchTests.swift */; };
		2324102628FF0A4A0095C0CC /* BaseViewController.swift in Sources */ = {isa = PBXBuildFile; fileRef = 2324102528FF0A4A0095C0CC /* BaseViewController.swift */; };
		23735AFA28FEDA6100599221 /* NotoSansKR-Bold.otf in Resources */ = {isa = PBXBuildFile; fileRef = 23735AF728FEDA6100599221 /* NotoSansKR-Bold.otf */; };
		23735AFB28FEDA6100599221 /* NotoSansKR-Light.otf in Resources */ = {isa = PBXBuildFile; fileRef = 23735AF828FEDA6100599221 /* NotoSansKR-Light.otf */; };
		23735AFC28FEDA6100599221 /* NotoSansKR-Regular.otf in Resources */ = {isa = PBXBuildFile; fileRef = 23735AF928FEDA6100599221 /* NotoSansKR-Regular.otf */; };
		23735AFE28FEDA7F00599221 /* UIFont.swift in Sources */ = {isa = PBXBuildFile; fileRef = 23735AFD28FEDA7F00599221 /* UIFont.swift */; };
		23735B0128FEDBF900599221 /* UIColor.swift in Sources */ = {isa = PBXBuildFile; fileRef = 23735B0028FEDBF900599221 /* UIColor.swift */; };
		23735B0428FEE24900599221 /* MainTableViewCell.swift in Sources */ = {isa = PBXBuildFile; fileRef = 23735B0328FEE24900599221 /* MainTableViewCell.swift */; };
		2394E92928FEF7C2009B6AEF /* APIModel.swift in Sources */ = {isa = PBXBuildFile; fileRef = 2394E92828FEF7C2009B6AEF /* APIModel.swift */; };
		2394E92C28FEF8E6009B6AEF /* DayFoodModel.swift in Sources */ = {isa = PBXBuildFile; fileRef = 2394E92B28FEF8E6009B6AEF /* DayFoodModel.swift */; };
		2394E92E28FEF962009B6AEF /* DayFoodDataManager.swift in Sources */ = {isa = PBXBuildFile; fileRef = 2394E92D28FEF962009B6AEF /* DayFoodDataManager.swift */; };
		58A23E1C2028CBEE0CA8BC47 /* Pods_MYONGSIKTests.framework in Frameworks */ = {isa = PBXBuildFile; fileRef = 5079EC780F0F07C3EA02711C /* Pods_MYONGSIKTests.framework */; };
		92033E7EAD47D14ADA175F1B /* Pods_MYONGSIK.framework in Frameworks */ = {isa = PBXBuildFile; fileRef = 6500C555B9535208405D27B9 /* Pods_MYONGSIK.framework */; };
/* End PBXBuildFile section */

/* Begin PBXContainerItemProxy section */
		23166A8528FECD9E002AEFB7 /* PBXContainerItemProxy */ = {
			isa = PBXContainerItemProxy;
			containerPortal = 23166A6628FECD9C002AEFB7 /* Project object */;
			proxyType = 1;
			remoteGlobalIDString = 23166A6D28FECD9C002AEFB7;
			remoteInfo = MYONGSIK;
		};
		23166A8F28FECD9F002AEFB7 /* PBXContainerItemProxy */ = {
			isa = PBXContainerItemProxy;
			containerPortal = 23166A6628FECD9C002AEFB7 /* Project object */;
			proxyType = 1;
			remoteGlobalIDString = 23166A6D28FECD9C002AEFB7;
			remoteInfo = MYONGSIK;
		};
/* End PBXContainerItemProxy section */

/* Begin PBXFileReference section */
		05499D88CFD8F6094E3854DF /* Pods-MYONGSIK-MYONGSIKUITests.debug.xcconfig */ = {isa = PBXFileReference; includeInIndex = 1; lastKnownFileType = text.xcconfig; name = "Pods-MYONGSIK-MYONGSIKUITests.debug.xcconfig"; path = "Target Support Files/Pods-MYONGSIK-MYONGSIKUITests/Pods-MYONGSIK-MYONGSIKUITests.debug.xcconfig"; sourceTree = "<group>"; };
		0F3766A332C9FBAAF6A71FF8 /* Pods_MYONGSIK_MYONGSIKUITests.framework */ = {isa = PBXFileReference; explicitFileType = wrapper.framework; includeInIndex = 0; path = Pods_MYONGSIK_MYONGSIKUITests.framework; sourceTree = BUILT_PRODUCTS_DIR; };
		108AE19554B82CED05D5D05C /* Pods-MYONGSIKTests.release.xcconfig */ = {isa = PBXFileReference; includeInIndex = 1; lastKnownFileType = text.xcconfig; name = "Pods-MYONGSIKTests.release.xcconfig"; path = "Target Support Files/Pods-MYONGSIKTests/Pods-MYONGSIKTests.release.xcconfig"; sourceTree = "<group>"; };
		23166A6E28FECD9C002AEFB7 /* MYONGSIK.app */ = {isa = PBXFileReference; explicitFileType = wrapper.application; includeInIndex = 0; path = MYONGSIK.app; sourceTree = BUILT_PRODUCTS_DIR; };
		23166A7128FECD9D002AEFB7 /* AppDelegate.swift */ = {isa = PBXFileReference; lastKnownFileType = sourcecode.swift; path = AppDelegate.swift; sourceTree = "<group>"; };
		23166A7328FECD9D002AEFB7 /* SceneDelegate.swift */ = {isa = PBXFileReference; lastKnownFileType = sourcecode.swift; path = SceneDelegate.swift; sourceTree = "<group>"; };
		23166A7528FECD9D002AEFB7 /* MainViewController.swift */ = {isa = PBXFileReference; lastKnownFileType = sourcecode.swift; path = MainViewController.swift; sourceTree = "<group>"; };
		23166A7828FECD9D002AEFB7 /* Base */ = {isa = PBXFileReference; lastKnownFileType = file.storyboard; name = Base; path = Base.lproj/Main.storyboard; sourceTree = "<group>"; };
		23166A7A28FECD9E002AEFB7 /* Assets.xcassets */ = {isa = PBXFileReference; lastKnownFileType = folder.assetcatalog; path = Assets.xcassets; sourceTree = "<group>"; };
		23166A7D28FECD9E002AEFB7 /* Base */ = {isa = PBXFileReference; lastKnownFileType = file.storyboard; name = Base; path = Base.lproj/LaunchScreen.storyboard; sourceTree = "<group>"; };
		23166A7F28FECD9E002AEFB7 /* Info.plist */ = {isa = PBXFileReference; lastKnownFileType = text.plist.xml; path = Info.plist; sourceTree = "<group>"; };
		23166A8428FECD9E002AEFB7 /* MYONGSIKTests.xctest */ = {isa = PBXFileReference; explicitFileType = wrapper.cfbundle; includeInIndex = 0; path = MYONGSIKTests.xctest; sourceTree = BUILT_PRODUCTS_DIR; };
		23166A8828FECD9F002AEFB7 /* MYONGSIKTests.swift */ = {isa = PBXFileReference; lastKnownFileType = sourcecode.swift; path = MYONGSIKTests.swift; sourceTree = "<group>"; };
		23166A8E28FECD9F002AEFB7 /* MYONGSIKUITests.xctest */ = {isa = PBXFileReference; explicitFileType = wrapper.cfbundle; includeInIndex = 0; path = MYONGSIKUITests.xctest; sourceTree = BUILT_PRODUCTS_DIR; };
		23166A9228FECD9F002AEFB7 /* MYONGSIKUITests.swift */ = {isa = PBXFileReference; lastKnownFileType = sourcecode.swift; path = MYONGSIKUITests.swift; sourceTree = "<group>"; };
		23166A9428FECD9F002AEFB7 /* MYONGSIKUITestsLaunchTests.swift */ = {isa = PBXFileReference; lastKnownFileType = sourcecode.swift; path = MYONGSIKUITestsLaunchTests.swift; sourceTree = "<group>"; };
		2324102528FF0A4A0095C0CC /* BaseViewController.swift */ = {isa = PBXFileReference; lastKnownFileType = sourcecode.swift; path = BaseViewController.swift; sourceTree = "<group>"; };
		23735AF728FEDA6100599221 /* NotoSansKR-Bold.otf */ = {isa = PBXFileReference; lastKnownFileType = file; path = "NotoSansKR-Bold.otf"; sourceTree = "<group>"; };
		23735AF828FEDA6100599221 /* NotoSansKR-Light.otf */ = {isa = PBXFileReference; lastKnownFileType = file; path = "NotoSansKR-Light.otf"; sourceTree = "<group>"; };
		23735AF928FEDA6100599221 /* NotoSansKR-Regular.otf */ = {isa = PBXFileReference; lastKnownFileType = file; path = "NotoSansKR-Regular.otf"; sourceTree = "<group>"; };
		23735AFD28FEDA7F00599221 /* UIFont.swift */ = {isa = PBXFileReference; lastKnownFileType = sourcecode.swift; path = UIFont.swift; sourceTree = "<group>"; };
		23735B0028FEDBF900599221 /* UIColor.swift */ = {isa = PBXFileReference; lastKnownFileType = sourcecode.swift; path = UIColor.swift; sourceTree = "<group>"; };
		23735B0328FEE24900599221 /* MainTableViewCell.swift */ = {isa = PBXFileReference; lastKnownFileType = sourcecode.swift; path = MainTableViewCell.swift; sourceTree = "<group>"; };
		2394E92828FEF7C2009B6AEF /* APIModel.swift */ = {isa = PBXFileReference; lastKnownFileType = sourcecode.swift; path = APIModel.swift; sourceTree = "<group>"; };
		2394E92B28FEF8E6009B6AEF /* DayFoodModel.swift */ = {isa = PBXFileReference; lastKnownFileType = sourcecode.swift; path = DayFoodModel.swift; sourceTree = "<group>"; };
		2394E92D28FEF962009B6AEF /* DayFoodDataManager.swift */ = {isa = PBXFileReference; lastKnownFileType = sourcecode.swift; path = DayFoodDataManager.swift; sourceTree = "<group>"; };
		409643676213BA9A3C80FD32 /* Pods-MYONGSIKTests.debug.xcconfig */ = {isa = PBXFileReference; includeInIndex = 1; lastKnownFileType = text.xcconfig; name = "Pods-MYONGSIKTests.debug.xcconfig"; path = "Target Support Files/Pods-MYONGSIKTests/Pods-MYONGSIKTests.debug.xcconfig"; sourceTree = "<group>"; };
		5079EC780F0F07C3EA02711C /* Pods_MYONGSIKTests.framework */ = {isa = PBXFileReference; explicitFileType = wrapper.framework; includeInIndex = 0; path = Pods_MYONGSIKTests.framework; sourceTree = BUILT_PRODUCTS_DIR; };
		6500C555B9535208405D27B9 /* Pods_MYONGSIK.framework */ = {isa = PBXFileReference; explicitFileType = wrapper.framework; includeInIndex = 0; path = Pods_MYONGSIK.framework; sourceTree = BUILT_PRODUCTS_DIR; };
		7595CF6EE606B781645AD9EB /* Pods-MYONGSIK-MYONGSIKUITests.release.xcconfig */ = {isa = PBXFileReference; includeInIndex = 1; lastKnownFileType = text.xcconfig; name = "Pods-MYONGSIK-MYONGSIKUITests.release.xcconfig"; path = "Target Support Files/Pods-MYONGSIK-MYONGSIKUITests/Pods-MYONGSIK-MYONGSIKUITests.release.xcconfig"; sourceTree = "<group>"; };
		77CEA1CD0123C0563A94A6E1 /* Pods-MYONGSIK.debug.xcconfig */ = {isa = PBXFileReference; includeInIndex = 1; lastKnownFileType = text.xcconfig; name = "Pods-MYONGSIK.debug.xcconfig"; path = "Target Support Files/Pods-MYONGSIK/Pods-MYONGSIK.debug.xcconfig"; sourceTree = "<group>"; };
		AE9F16CCD51F90ED1842BEA4 /* Pods-MYONGSIK.release.xcconfig */ = {isa = PBXFileReference; includeInIndex = 1; lastKnownFileType = text.xcconfig; name = "Pods-MYONGSIK.release.xcconfig"; path = "Target Support Files/Pods-MYONGSIK/Pods-MYONGSIK.release.xcconfig"; sourceTree = "<group>"; };
/* End PBXFileReference section */

/* Begin PBXFrameworksBuildPhase section */
		23166A6B28FECD9C002AEFB7 /* Frameworks */ = {
			isa = PBXFrameworksBuildPhase;
			buildActionMask = 2147483647;
			files = (
				92033E7EAD47D14ADA175F1B /* Pods_MYONGSIK.framework in Frameworks */,
			);
			runOnlyForDeploymentPostprocessing = 0;
		};
		23166A8128FECD9E002AEFB7 /* Frameworks */ = {
			isa = PBXFrameworksBuildPhase;
			buildActionMask = 2147483647;
			files = (
				58A23E1C2028CBEE0CA8BC47 /* Pods_MYONGSIKTests.framework in Frameworks */,
			);
			runOnlyForDeploymentPostprocessing = 0;
		};
		23166A8B28FECD9F002AEFB7 /* Frameworks */ = {
			isa = PBXFrameworksBuildPhase;
			buildActionMask = 2147483647;
			files = (
				16E35826E03E14564D74F8D8 /* Pods_MYONGSIK_MYONGSIKUITests.framework in Frameworks */,
			);
			runOnlyForDeploymentPostprocessing = 0;
		};
/* End PBXFrameworksBuildPhase section */

/* Begin PBXGroup section */
		16E3901AD54B7620460C0BD2 /* Pods */ = {
			isa = PBXGroup;
			children = (
				77CEA1CD0123C0563A94A6E1 /* Pods-MYONGSIK.debug.xcconfig */,
				AE9F16CCD51F90ED1842BEA4 /* Pods-MYONGSIK.release.xcconfig */,
				05499D88CFD8F6094E3854DF /* Pods-MYONGSIK-MYONGSIKUITests.debug.xcconfig */,
				7595CF6EE606B781645AD9EB /* Pods-MYONGSIK-MYONGSIKUITests.release.xcconfig */,
				409643676213BA9A3C80FD32 /* Pods-MYONGSIKTests.debug.xcconfig */,
				108AE19554B82CED05D5D05C /* Pods-MYONGSIKTests.release.xcconfig */,
			);
			path = Pods;
			sourceTree = "<group>";
		};
		23166A6528FECD9C002AEFB7 = {
			isa = PBXGroup;
			children = (
				23166A7028FECD9D002AEFB7 /* MYONGSIK */,
				23166A8728FECD9F002AEFB7 /* MYONGSIKTests */,
				23166A9128FECD9F002AEFB7 /* MYONGSIKUITests */,
				23166A6F28FECD9D002AEFB7 /* Products */,
				16E3901AD54B7620460C0BD2 /* Pods */,
				C3E767C8B313A0328B6C34CF /* Frameworks */,
			);
			sourceTree = "<group>";
		};
		23166A6F28FECD9D002AEFB7 /* Products */ = {
			isa = PBXGroup;
			children = (
				23166A6E28FECD9C002AEFB7 /* MYONGSIK.app */,
				23166A8428FECD9E002AEFB7 /* MYONGSIKTests.xctest */,
				23166A8E28FECD9F002AEFB7 /* MYONGSIKUITests.xctest */,
			);
			name = Products;
			sourceTree = "<group>";
		};
		23166A7028FECD9D002AEFB7 /* MYONGSIK */ = {
			isa = PBXGroup;
			children = (
				23166AA628FEDA10002AEFB7 /* global */,
				23166AA728FEDA14002AEFB7 /* domain */,
				23166A7A28FECD9E002AEFB7 /* Assets.xcassets */,
				23166A7F28FECD9E002AEFB7 /* Info.plist */,
			);
			path = MYONGSIK;
			sourceTree = "<group>";
		};
		23166A8728FECD9F002AEFB7 /* MYONGSIKTests */ = {
			isa = PBXGroup;
			children = (
				23166A8828FECD9F002AEFB7 /* MYONGSIKTests.swift */,
			);
			path = MYONGSIKTests;
			sourceTree = "<group>";
		};
		23166A9128FECD9F002AEFB7 /* MYONGSIKUITests */ = {
			isa = PBXGroup;
			children = (
				23166A9228FECD9F002AEFB7 /* MYONGSIKUITests.swift */,
				23166A9428FECD9F002AEFB7 /* MYONGSIKUITestsLaunchTests.swift */,
			);
			path = MYONGSIKUITests;
			sourceTree = "<group>";
		};
		23166AA128FECE6F002AEFB7 /* Model */ = {
			isa = PBXGroup;
			children = (
				2394E92B28FEF8E6009B6AEF /* DayFoodModel.swift */,
			);
			path = Model;
			sourceTree = "<group>";
		};
		23166AA228FECE74002AEFB7 /* AppDelegate */ = {
			isa = PBXGroup;
			children = (
				23166A7128FECD9D002AEFB7 /* AppDelegate.swift */,
				23166A7328FECD9D002AEFB7 /* SceneDelegate.swift */,
			);
			path = AppDelegate;
			sourceTree = "<group>";
		};
		23166AA328FECE79002AEFB7 /* ViewController */ = {
			isa = PBXGroup;
			children = (
				23166A7528FECD9D002AEFB7 /* MainViewController.swift */,
			);
			path = ViewController;
			sourceTree = "<group>";
		};
		23166AA428FECE81002AEFB7 /* View */ = {
			isa = PBXGroup;
			children = (
				23166A7C28FECD9E002AEFB7 /* LaunchScreen.storyboard */,
				23166A7728FECD9D002AEFB7 /* Main.storyboard */,
			);
			path = View;
			sourceTree = "<group>";
		};
		23166AA528FEDA0A002AEFB7 /* Util */ = {
			isa = PBXGroup;
			children = (
				2394E92828FEF7C2009B6AEF /* APIModel.swift */,
				2324102528FF0A4A0095C0CC /* BaseViewController.swift */,
			);
			path = Util;
			sourceTree = "<group>";
		};
		23166AA628FEDA10002AEFB7 /* global */ = {
			isa = PBXGroup;
			children = (
				23735AF528FEDA3D00599221 /* UI */,
				23166AA528FEDA0A002AEFB7 /* Util */,
			);
			path = global;
			sourceTree = "<group>";
		};
		23166AA728FEDA14002AEFB7 /* domain */ = {
			isa = PBXGroup;
			children = (
				23166AA228FECE74002AEFB7 /* AppDelegate */,
				23166AA128FECE6F002AEFB7 /* Model */,
				2394E92A28FEF8CC009B6AEF /* Services */,
				23166AA428FECE81002AEFB7 /* View */,
				23166AA328FECE79002AEFB7 /* ViewController */,
				23735B0228FEE22600599221 /* Cell */,
			);
			path = domain;
			sourceTree = "<group>";
		};
		23735AF528FEDA3D00599221 /* UI */ = {
			isa = PBXGroup;
			children = (
				23735AF628FEDA4800599221 /* Fonts */,
				23735B0028FEDBF900599221 /* UIColor.swift */,
			);
			path = UI;
			sourceTree = "<group>";
		};
		23735AF628FEDA4800599221 /* Fonts */ = {
			isa = PBXGroup;
			children = (
				23735AF728FEDA6100599221 /* NotoSansKR-Bold.otf */,
				23735AF828FEDA6100599221 /* NotoSansKR-Light.otf */,
				23735AF928FEDA6100599221 /* NotoSansKR-Regular.otf */,
				23735AFD28FEDA7F00599221 /* UIFont.swift */,
			);
			path = Fonts;
			sourceTree = "<group>";
		};
		23735B0228FEE22600599221 /* Cell */ = {
			isa = PBXGroup;
			children = (
				23735B0328FEE24900599221 /* MainTableViewCell.swift */,
			);
			path = Cell;
			sourceTree = "<group>";
		};
		2394E92A28FEF8CC009B6AEF /* Services */ = {
			isa = PBXGroup;
			children = (
				2394E92D28FEF962009B6AEF /* DayFoodDataManager.swift */,
			);
			path = Services;
			sourceTree = "<group>";
		};
		C3E767C8B313A0328B6C34CF /* Frameworks */ = {
			isa = PBXGroup;
			children = (
				6500C555B9535208405D27B9 /* Pods_MYONGSIK.framework */,
				0F3766A332C9FBAAF6A71FF8 /* Pods_MYONGSIK_MYONGSIKUITests.framework */,
				5079EC780F0F07C3EA02711C /* Pods_MYONGSIKTests.framework */,
			);
			name = Frameworks;
			sourceTree = "<group>";
		};
/* End PBXGroup section */

/* Begin PBXNativeTarget section */
		23166A6D28FECD9C002AEFB7 /* MYONGSIK */ = {
			isa = PBXNativeTarget;
			buildConfigurationList = 23166A9828FECD9F002AEFB7 /* Build configuration list for PBXNativeTarget "MYONGSIK" */;
			buildPhases = (
				74035901E4F6C7AE3F515E24 /* [CP] Check Pods Manifest.lock */,
				23166A6A28FECD9C002AEFB7 /* Sources */,
				23166A6B28FECD9C002AEFB7 /* Frameworks */,
				23166A6C28FECD9C002AEFB7 /* Resources */,
				EEDDC5406744A29A22DEECDA /* [CP] Embed Pods Frameworks */,
			);
			buildRules = (
			);
			dependencies = (
			);
			name = MYONGSIK;
			productName = MYONGSIK;
			productReference = 23166A6E28FECD9C002AEFB7 /* MYONGSIK.app */;
			productType = "com.apple.product-type.application";
		};
		23166A8328FECD9E002AEFB7 /* MYONGSIKTests */ = {
			isa = PBXNativeTarget;
			buildConfigurationList = 23166A9B28FECD9F002AEFB7 /* Build configuration list for PBXNativeTarget "MYONGSIKTests" */;
			buildPhases = (
				1FEFBB751CE28A0DB87D0086 /* [CP] Check Pods Manifest.lock */,
				23166A8028FECD9E002AEFB7 /* Sources */,
				23166A8128FECD9E002AEFB7 /* Frameworks */,
				23166A8228FECD9E002AEFB7 /* Resources */,
			);
			buildRules = (
			);
			dependencies = (
				23166A8628FECD9E002AEFB7 /* PBXTargetDependency */,
			);
			name = MYONGSIKTests;
			productName = MYONGSIKTests;
			productReference = 23166A8428FECD9E002AEFB7 /* MYONGSIKTests.xctest */;
			productType = "com.apple.product-type.bundle.unit-test";
		};
		23166A8D28FECD9F002AEFB7 /* MYONGSIKUITests */ = {
			isa = PBXNativeTarget;
			buildConfigurationList = 23166A9E28FECD9F002AEFB7 /* Build configuration list for PBXNativeTarget "MYONGSIKUITests" */;
			buildPhases = (
				36EBEE563ED1E28FBA589B72 /* [CP] Check Pods Manifest.lock */,
				23166A8A28FECD9F002AEFB7 /* Sources */,
				23166A8B28FECD9F002AEFB7 /* Frameworks */,
				23166A8C28FECD9F002AEFB7 /* Resources */,
				77DE485AC24FFCE1C9AF4DDC /* [CP] Embed Pods Frameworks */,
			);
			buildRules = (
			);
			dependencies = (
				23166A9028FECD9F002AEFB7 /* PBXTargetDependency */,
			);
			name = MYONGSIKUITests;
			productName = MYONGSIKUITests;
			productReference = 23166A8E28FECD9F002AEFB7 /* MYONGSIKUITests.xctest */;
			productType = "com.apple.product-type.bundle.ui-testing";
		};
/* End PBXNativeTarget section */

/* Begin PBXProject section */
		23166A6628FECD9C002AEFB7 /* Project object */ = {
			isa = PBXProject;
			attributes = {
				BuildIndependentTargetsInParallel = 1;
				LastSwiftUpdateCheck = 1340;
				LastUpgradeCheck = 1340;
				TargetAttributes = {
					23166A6D28FECD9C002AEFB7 = {
						CreatedOnToolsVersion = 13.4.1;
					};
					23166A8328FECD9E002AEFB7 = {
						CreatedOnToolsVersion = 13.4.1;
						TestTargetID = 23166A6D28FECD9C002AEFB7;
					};
					23166A8D28FECD9F002AEFB7 = {
						CreatedOnToolsVersion = 13.4.1;
						TestTargetID = 23166A6D28FECD9C002AEFB7;
					};
				};
			};
			buildConfigurationList = 23166A6928FECD9C002AEFB7 /* Build configuration list for PBXProject "MYONGSIK" */;
			compatibilityVersion = "Xcode 13.0";
			developmentRegion = en;
			hasScannedForEncodings = 0;
			knownRegions = (
				en,
				Base,
			);
			mainGroup = 23166A6528FECD9C002AEFB7;
			productRefGroup = 23166A6F28FECD9D002AEFB7 /* Products */;
			projectDirPath = "";
			projectRoot = "";
			targets = (
				23166A6D28FECD9C002AEFB7 /* MYONGSIK */,
				23166A8328FECD9E002AEFB7 /* MYONGSIKTests */,
				23166A8D28FECD9F002AEFB7 /* MYONGSIKUITests */,
			);
		};
/* End PBXProject section */

/* Begin PBXResourcesBuildPhase section */
		23166A6C28FECD9C002AEFB7 /* Resources */ = {
			isa = PBXResourcesBuildPhase;
			buildActionMask = 2147483647;
			files = (
				23166A7E28FECD9E002AEFB7 /* LaunchScreen.storyboard in Resources */,
				23735AFB28FEDA6100599221 /* NotoSansKR-Light.otf in Resources */,
				23166A7B28FECD9E002AEFB7 /* Assets.xcassets in Resources */,
				23735AFA28FEDA6100599221 /* NotoSansKR-Bold.otf in Resources */,
				23735AFC28FEDA6100599221 /* NotoSansKR-Regular.otf in Resources */,
				23166A7928FECD9D002AEFB7 /* Main.storyboard in Resources */,
			);
			runOnlyForDeploymentPostprocessing = 0;
		};
		23166A8228FECD9E002AEFB7 /* Resources */ = {
			isa = PBXResourcesBuildPhase;
			buildActionMask = 2147483647;
			files = (
			);
			runOnlyForDeploymentPostprocessing = 0;
		};
		23166A8C28FECD9F002AEFB7 /* Resources */ = {
			isa = PBXResourcesBuildPhase;
			buildActionMask = 2147483647;
			files = (
			);
			runOnlyForDeploymentPostprocessing = 0;
		};
/* End PBXResourcesBuildPhase section */

/* Begin PBXShellScriptBuildPhase section */
		1FEFBB751CE28A0DB87D0086 /* [CP] Check Pods Manifest.lock */ = {
			isa = PBXShellScriptBuildPhase;
			buildActionMask = 2147483647;
			files = (
			);
			inputFileListPaths = (
			);
			inputPaths = (
				"${PODS_PODFILE_DIR_PATH}/Podfile.lock",
				"${PODS_ROOT}/Manifest.lock",
			);
			name = "[CP] Check Pods Manifest.lock";
			outputFileListPaths = (
			);
			outputPaths = (
				"$(DERIVED_FILE_DIR)/Pods-MYONGSIKTests-checkManifestLockResult.txt",
			);
			runOnlyForDeploymentPostprocessing = 0;
			shellPath = /bin/sh;
			shellScript = "diff \"${PODS_PODFILE_DIR_PATH}/Podfile.lock\" \"${PODS_ROOT}/Manifest.lock\" > /dev/null\nif [ $? != 0 ] ; then\n    # print error to STDERR\n    echo \"error: The sandbox is not in sync with the Podfile.lock. Run 'pod install' or update your CocoaPods installation.\" >&2\n    exit 1\nfi\n# This output is used by Xcode 'outputs' to avoid re-running this script phase.\necho \"SUCCESS\" > \"${SCRIPT_OUTPUT_FILE_0}\"\n";
			showEnvVarsInLog = 0;
		};
		36EBEE563ED1E28FBA589B72 /* [CP] Check Pods Manifest.lock */ = {
			isa = PBXShellScriptBuildPhase;
			buildActionMask = 2147483647;
			files = (
			);
			inputFileListPaths = (
			);
			inputPaths = (
				"${PODS_PODFILE_DIR_PATH}/Podfile.lock",
				"${PODS_ROOT}/Manifest.lock",
			);
			name = "[CP] Check Pods Manifest.lock";
			outputFileListPaths = (
			);
			outputPaths = (
				"$(DERIVED_FILE_DIR)/Pods-MYONGSIK-MYONGSIKUITests-checkManifestLockResult.txt",
			);
			runOnlyForDeploymentPostprocessing = 0;
			shellPath = /bin/sh;
			shellScript = "diff \"${PODS_PODFILE_DIR_PATH}/Podfile.lock\" \"${PODS_ROOT}/Manifest.lock\" > /dev/null\nif [ $? != 0 ] ; then\n    # print error to STDERR\n    echo \"error: The sandbox is not in sync with the Podfile.lock. Run 'pod install' or update your CocoaPods installation.\" >&2\n    exit 1\nfi\n# This output is used by Xcode 'outputs' to avoid re-running this script phase.\necho \"SUCCESS\" > \"${SCRIPT_OUTPUT_FILE_0}\"\n";
			showEnvVarsInLog = 0;
		};
		74035901E4F6C7AE3F515E24 /* [CP] Check Pods Manifest.lock */ = {
			isa = PBXShellScriptBuildPhase;
			buildActionMask = 2147483647;
			files = (
			);
			inputFileListPaths = (
			);
			inputPaths = (
				"${PODS_PODFILE_DIR_PATH}/Podfile.lock",
				"${PODS_ROOT}/Manifest.lock",
			);
			name = "[CP] Check Pods Manifest.lock";
			outputFileListPaths = (
			);
			outputPaths = (
				"$(DERIVED_FILE_DIR)/Pods-MYONGSIK-checkManifestLockResult.txt",
			);
			runOnlyForDeploymentPostprocessing = 0;
			shellPath = /bin/sh;
			shellScript = "diff \"${PODS_PODFILE_DIR_PATH}/Podfile.lock\" \"${PODS_ROOT}/Manifest.lock\" > /dev/null\nif [ $? != 0 ] ; then\n    # print error to STDERR\n    echo \"error: The sandbox is not in sync with the Podfile.lock. Run 'pod install' or update your CocoaPods installation.\" >&2\n    exit 1\nfi\n# This output is used by Xcode 'outputs' to avoid re-running this script phase.\necho \"SUCCESS\" > \"${SCRIPT_OUTPUT_FILE_0}\"\n";
			showEnvVarsInLog = 0;
		};
		77DE485AC24FFCE1C9AF4DDC /* [CP] Embed Pods Frameworks */ = {
			isa = PBXShellScriptBuildPhase;
			buildActionMask = 2147483647;
			files = (
			);
			inputFileListPaths = (
				"${PODS_ROOT}/Target Support Files/Pods-MYONGSIK-MYONGSIKUITests/Pods-MYONGSIK-MYONGSIKUITests-frameworks-${CONFIGURATION}-input-files.xcfilelist",
			);
			name = "[CP] Embed Pods Frameworks";
			outputFileListPaths = (
				"${PODS_ROOT}/Target Support Files/Pods-MYONGSIK-MYONGSIKUITests/Pods-MYONGSIK-MYONGSIKUITests-frameworks-${CONFIGURATION}-output-files.xcfilelist",
			);
			runOnlyForDeploymentPostprocessing = 0;
			shellPath = /bin/sh;
			shellScript = "\"${PODS_ROOT}/Target Support Files/Pods-MYONGSIK-MYONGSIKUITests/Pods-MYONGSIK-MYONGSIKUITests-frameworks.sh\"\n";
			showEnvVarsInLog = 0;
		};
		EEDDC5406744A29A22DEECDA /* [CP] Embed Pods Frameworks */ = {
			isa = PBXShellScriptBuildPhase;
			buildActionMask = 2147483647;
			files = (
			);
			inputFileListPaths = (
				"${PODS_ROOT}/Target Support Files/Pods-MYONGSIK/Pods-MYONGSIK-frameworks-${CONFIGURATION}-input-files.xcfilelist",
			);
			name = "[CP] Embed Pods Frameworks";
			outputFileListPaths = (
				"${PODS_ROOT}/Target Support Files/Pods-MYONGSIK/Pods-MYONGSIK-frameworks-${CONFIGURATION}-output-files.xcfilelist",
			);
			runOnlyForDeploymentPostprocessing = 0;
			shellPath = /bin/sh;
			shellScript = "\"${PODS_ROOT}/Target Support Files/Pods-MYONGSIK/Pods-MYONGSIK-frameworks.sh\"\n";
			showEnvVarsInLog = 0;
		};
/* End PBXShellScriptBuildPhase section */

/* Begin PBXSourcesBuildPhase section */
		23166A6A28FECD9C002AEFB7 /* Sources */ = {
			isa = PBXSourcesBuildPhase;
			buildActionMask = 2147483647;
			files = (
				2394E92928FEF7C2009B6AEF /* APIModel.swift in Sources */,
				23735AFE28FEDA7F00599221 /* UIFont.swift in Sources */,
				2394E92E28FEF962009B6AEF /* DayFoodDataManager.swift in Sources */,
				23166A7628FECD9D002AEFB7 /* MainViewController.swift in Sources */,
				23166A7228FECD9D002AEFB7 /* AppDelegate.swift in Sources */,
				2324102628FF0A4A0095C0CC /* BaseViewController.swift in Sources */,
				2394E92C28FEF8E6009B6AEF /* DayFoodModel.swift in Sources */,
				23166A7428FECD9D002AEFB7 /* SceneDelegate.swift in Sources */,
				23735B0428FEE24900599221 /* MainTableViewCell.swift in Sources */,
				23735B0128FEDBF900599221 /* UIColor.swift in Sources */,
			);
			runOnlyForDeploymentPostprocessing = 0;
		};
		23166A8028FECD9E002AEFB7 /* Sources */ = {
			isa = PBXSourcesBuildPhase;
			buildActionMask = 2147483647;
			files = (
				23166A8928FECD9F002AEFB7 /* MYONGSIKTests.swift in Sources */,
			);
			runOnlyForDeploymentPostprocessing = 0;
		};
		23166A8A28FECD9F002AEFB7 /* Sources */ = {
			isa = PBXSourcesBuildPhase;
			buildActionMask = 2147483647;
			files = (
				23166A9528FECD9F002AEFB7 /* MYONGSIKUITestsLaunchTests.swift in Sources */,
				23166A9328FECD9F002AEFB7 /* MYONGSIKUITests.swift in Sources */,
			);
			runOnlyForDeploymentPostprocessing = 0;
		};
/* End PBXSourcesBuildPhase section */

/* Begin PBXTargetDependency section */
		23166A8628FECD9E002AEFB7 /* PBXTargetDependency */ = {
			isa = PBXTargetDependency;
			target = 23166A6D28FECD9C002AEFB7 /* MYONGSIK */;
			targetProxy = 23166A8528FECD9E002AEFB7 /* PBXContainerItemProxy */;
		};
		23166A9028FECD9F002AEFB7 /* PBXTargetDependency */ = {
			isa = PBXTargetDependency;
			target = 23166A6D28FECD9C002AEFB7 /* MYONGSIK */;
			targetProxy = 23166A8F28FECD9F002AEFB7 /* PBXContainerItemProxy */;
		};
/* End PBXTargetDependency section */

/* Begin PBXVariantGroup section */
		23166A7728FECD9D002AEFB7 /* Main.storyboard */ = {
			isa = PBXVariantGroup;
			children = (
				23166A7828FECD9D002AEFB7 /* Base */,
			);
			name = Main.storyboard;
			sourceTree = "<group>";
		};
		23166A7C28FECD9E002AEFB7 /* LaunchScreen.storyboard */ = {
			isa = PBXVariantGroup;
			children = (
				23166A7D28FECD9E002AEFB7 /* Base */,
			);
			name = LaunchScreen.storyboard;
			sourceTree = "<group>";
		};
/* End PBXVariantGroup section */

/* Begin XCBuildConfiguration section */
		23166A9628FECD9F002AEFB7 /* Debug */ = {
			isa = XCBuildConfiguration;
			buildSettings = {
				ALWAYS_SEARCH_USER_PATHS = NO;
				CLANG_ANALYZER_NONNULL = YES;
				CLANG_ANALYZER_NUMBER_OBJECT_CONVERSION = YES_AGGRESSIVE;
				CLANG_CXX_LANGUAGE_STANDARD = "gnu++17";
				CLANG_ENABLE_MODULES = YES;
				CLANG_ENABLE_OBJC_ARC = YES;
				CLANG_ENABLE_OBJC_WEAK = YES;
				CLANG_WARN_BLOCK_CAPTURE_AUTORELEASING = YES;
				CLANG_WARN_BOOL_CONVERSION = YES;
				CLANG_WARN_COMMA = YES;
				CLANG_WARN_CONSTANT_CONVERSION = YES;
				CLANG_WARN_DEPRECATED_OBJC_IMPLEMENTATIONS = YES;
				CLANG_WARN_DIRECT_OBJC_ISA_USAGE = YES_ERROR;
				CLANG_WARN_DOCUMENTATION_COMMENTS = YES;
				CLANG_WARN_EMPTY_BODY = YES;
				CLANG_WARN_ENUM_CONVERSION = YES;
				CLANG_WARN_INFINITE_RECURSION = YES;
				CLANG_WARN_INT_CONVERSION = YES;
				CLANG_WARN_NON_LITERAL_NULL_CONVERSION = YES;
				CLANG_WARN_OBJC_IMPLICIT_RETAIN_SELF = YES;
				CLANG_WARN_OBJC_LITERAL_CONVERSION = YES;
				CLANG_WARN_OBJC_ROOT_CLASS = YES_ERROR;
				CLANG_WARN_QUOTED_INCLUDE_IN_FRAMEWORK_HEADER = YES;
				CLANG_WARN_RANGE_LOOP_ANALYSIS = YES;
				CLANG_WARN_STRICT_PROTOTYPES = YES;
				CLANG_WARN_SUSPICIOUS_MOVE = YES;
				CLANG_WARN_UNGUARDED_AVAILABILITY = YES_AGGRESSIVE;
				CLANG_WARN_UNREACHABLE_CODE = YES;
				CLANG_WARN__DUPLICATE_METHOD_MATCH = YES;
				COPY_PHASE_STRIP = NO;
				DEBUG_INFORMATION_FORMAT = dwarf;
				ENABLE_STRICT_OBJC_MSGSEND = YES;
				ENABLE_TESTABILITY = YES;
				GCC_C_LANGUAGE_STANDARD = gnu11;
				GCC_DYNAMIC_NO_PIC = NO;
				GCC_NO_COMMON_BLOCKS = YES;
				GCC_OPTIMIZATION_LEVEL = 0;
				GCC_PREPROCESSOR_DEFINITIONS = (
					"DEBUG=1",
					"$(inherited)",
				);
				GCC_WARN_64_TO_32_BIT_CONVERSION = YES;
				GCC_WARN_ABOUT_RETURN_TYPE = YES_ERROR;
				GCC_WARN_UNDECLARED_SELECTOR = YES;
				GCC_WARN_UNINITIALIZED_AUTOS = YES_AGGRESSIVE;
				GCC_WARN_UNUSED_FUNCTION = YES;
				GCC_WARN_UNUSED_VARIABLE = YES;
				IPHONEOS_DEPLOYMENT_TARGET = 15.5;
				MTL_ENABLE_DEBUG_INFO = INCLUDE_SOURCE;
				MTL_FAST_MATH = YES;
				ONLY_ACTIVE_ARCH = YES;
				SDKROOT = iphoneos;
				SWIFT_ACTIVE_COMPILATION_CONDITIONS = DEBUG;
				SWIFT_OPTIMIZATION_LEVEL = "-Onone";
			};
			name = Debug;
		};
		23166A9728FECD9F002AEFB7 /* Release */ = {
			isa = XCBuildConfiguration;
			buildSettings = {
				ALWAYS_SEARCH_USER_PATHS = NO;
				CLANG_ANALYZER_NONNULL = YES;
				CLANG_ANALYZER_NUMBER_OBJECT_CONVERSION = YES_AGGRESSIVE;
				CLANG_CXX_LANGUAGE_STANDARD = "gnu++17";
				CLANG_ENABLE_MODULES = YES;
				CLANG_ENABLE_OBJC_ARC = YES;
				CLANG_ENABLE_OBJC_WEAK = YES;
				CLANG_WARN_BLOCK_CAPTURE_AUTORELEASING = YES;
				CLANG_WARN_BOOL_CONVERSION = YES;
				CLANG_WARN_COMMA = YES;
				CLANG_WARN_CONSTANT_CONVERSION = YES;
				CLANG_WARN_DEPRECATED_OBJC_IMPLEMENTATIONS = YES;
				CLANG_WARN_DIRECT_OBJC_ISA_USAGE = YES_ERROR;
				CLANG_WARN_DOCUMENTATION_COMMENTS = YES;
				CLANG_WARN_EMPTY_BODY = YES;
				CLANG_WARN_ENUM_CONVERSION = YES;
				CLANG_WARN_INFINITE_RECURSION = YES;
				CLANG_WARN_INT_CONVERSION = YES;
				CLANG_WARN_NON_LITERAL_NULL_CONVERSION = YES;
				CLANG_WARN_OBJC_IMPLICIT_RETAIN_SELF = YES;
				CLANG_WARN_OBJC_LITERAL_CONVERSION = YES;
				CLANG_WARN_OBJC_ROOT_CLASS = YES_ERROR;
				CLANG_WARN_QUOTED_INCLUDE_IN_FRAMEWORK_HEADER = YES;
				CLANG_WARN_RANGE_LOOP_ANALYSIS = YES;
				CLANG_WARN_STRICT_PROTOTYPES = YES;
				CLANG_WARN_SUSPICIOUS_MOVE = YES;
				CLANG_WARN_UNGUARDED_AVAILABILITY = YES_AGGRESSIVE;
				CLANG_WARN_UNREACHABLE_CODE = YES;
				CLANG_WARN__DUPLICATE_METHOD_MATCH = YES;
				COPY_PHASE_STRIP = NO;
				DEBUG_INFORMATION_FORMAT = "dwarf-with-dsym";
				ENABLE_NS_ASSERTIONS = NO;
				ENABLE_STRICT_OBJC_MSGSEND = YES;
				GCC_C_LANGUAGE_STANDARD = gnu11;
				GCC_NO_COMMON_BLOCKS = YES;
				GCC_WARN_64_TO_32_BIT_CONVERSION = YES;
				GCC_WARN_ABOUT_RETURN_TYPE = YES_ERROR;
				GCC_WARN_UNDECLARED_SELECTOR = YES;
				GCC_WARN_UNINITIALIZED_AUTOS = YES_AGGRESSIVE;
				GCC_WARN_UNUSED_FUNCTION = YES;
				GCC_WARN_UNUSED_VARIABLE = YES;
				IPHONEOS_DEPLOYMENT_TARGET = 15.5;
				MTL_ENABLE_DEBUG_INFO = NO;
				MTL_FAST_MATH = YES;
				SDKROOT = iphoneos;
				SWIFT_COMPILATION_MODE = wholemodule;
				SWIFT_OPTIMIZATION_LEVEL = "-O";
				VALIDATE_PRODUCT = YES;
			};
			name = Release;
		};
		23166A9928FECD9F002AEFB7 /* Debug */ = {
			isa = XCBuildConfiguration;
			baseConfigurationReference = 77CEA1CD0123C0563A94A6E1 /* Pods-MYONGSIK.debug.xcconfig */;
			buildSettings = {
				ASSETCATALOG_COMPILER_APPICON_NAME = AppIcon;
				ASSETCATALOG_COMPILER_GLOBAL_ACCENT_COLOR_NAME = AccentColor;
				CODE_SIGN_STYLE = Automatic;
				CURRENT_PROJECT_VERSION = 1;
				GENERATE_INFOPLIST_FILE = YES;
				INFOPLIST_FILE = MYONGSIK/Info.plist;
				INFOPLIST_KEY_UIApplicationSupportsIndirectInputEvents = YES;
				INFOPLIST_KEY_UILaunchStoryboardName = LaunchScreen;
				INFOPLIST_KEY_UIMainStoryboardFile = Main;
				INFOPLIST_KEY_UISupportedInterfaceOrientations_iPad = "UIInterfaceOrientationPortrait UIInterfaceOrientationPortraitUpsideDown UIInterfaceOrientationLandscapeLeft UIInterfaceOrientationLandscapeRight";
				INFOPLIST_KEY_UISupportedInterfaceOrientations_iPhone = "UIInterfaceOrientationPortrait UIInterfaceOrientationLandscapeLeft UIInterfaceOrientationLandscapeRight";
				LD_RUNPATH_SEARCH_PATHS = (
					"$(inherited)",
					"@executable_path/Frameworks",
				);
				MARKETING_VERSION = 1.0;
				PRODUCT_BUNDLE_IDENTIFIER = gomin.MYONGSIK;
				PRODUCT_NAME = "$(TARGET_NAME)";
				SWIFT_EMIT_LOC_STRINGS = YES;
				SWIFT_VERSION = 5.0;
				TARGETED_DEVICE_FAMILY = "1,2";
			};
			name = Debug;
		};
		23166A9A28FECD9F002AEFB7 /* Release */ = {
			isa = XCBuildConfiguration;
			baseConfigurationReference = AE9F16CCD51F90ED1842BEA4 /* Pods-MYONGSIK.release.xcconfig */;
			buildSettings = {
				ASSETCATALOG_COMPILER_APPICON_NAME = AppIcon;
				ASSETCATALOG_COMPILER_GLOBAL_ACCENT_COLOR_NAME = AccentColor;
				CODE_SIGN_STYLE = Automatic;
				CURRENT_PROJECT_VERSION = 1;
				GENERATE_INFOPLIST_FILE = YES;
				INFOPLIST_FILE = MYONGSIK/Info.plist;
				INFOPLIST_KEY_UIApplicationSupportsIndirectInputEvents = YES;
				INFOPLIST_KEY_UILaunchStoryboardName = LaunchScreen;
				INFOPLIST_KEY_UIMainStoryboardFile = Main;
				INFOPLIST_KEY_UISupportedInterfaceOrientations_iPad = "UIInterfaceOrientationPortrait UIInterfaceOrientationPortraitUpsideDown UIInterfaceOrientationLandscapeLeft UIInterfaceOrientationLandscapeRight";
				INFOPLIST_KEY_UISupportedInterfaceOrientations_iPhone = "UIInterfaceOrientationPortrait UIInterfaceOrientationLandscapeLeft UIInterfaceOrientationLandscapeRight";
				LD_RUNPATH_SEARCH_PATHS = (
					"$(inherited)",
					"@executable_path/Frameworks",
				);
				MARKETING_VERSION = 1.0;
				PRODUCT_BUNDLE_IDENTIFIER = gomin.MYONGSIK;
				PRODUCT_NAME = "$(TARGET_NAME)";
				SWIFT_EMIT_LOC_STRINGS = YES;
				SWIFT_VERSION = 5.0;
				TARGETED_DEVICE_FAMILY = "1,2";
			};
			name = Release;
		};
		23166A9C28FECD9F002AEFB7 /* Debug */ = {
			isa = XCBuildConfiguration;
			baseConfigurationReference = 409643676213BA9A3C80FD32 /* Pods-MYONGSIKTests.debug.xcconfig */;
			buildSettings = {
				ALWAYS_EMBED_SWIFT_STANDARD_LIBRARIES = YES;
				BUNDLE_LOADER = "$(TEST_HOST)";
				CODE_SIGN_STYLE = Automatic;
				CURRENT_PROJECT_VERSION = 1;
				GENERATE_INFOPLIST_FILE = YES;
				IPHONEOS_DEPLOYMENT_TARGET = 15.5;
				MARKETING_VERSION = 1.0;
				PRODUCT_BUNDLE_IDENTIFIER = gomin.MYONGSIKTests;
				PRODUCT_NAME = "$(TARGET_NAME)";
				SWIFT_EMIT_LOC_STRINGS = NO;
				SWIFT_VERSION = 5.0;
				TARGETED_DEVICE_FAMILY = "1,2";
				TEST_HOST = "$(BUILT_PRODUCTS_DIR)/MYONGSIK.app/MYONGSIK";
			};
			name = Debug;
		};
		23166A9D28FECD9F002AEFB7 /* Release */ = {
			isa = XCBuildConfiguration;
			baseConfigurationReference = 108AE19554B82CED05D5D05C /* Pods-MYONGSIKTests.release.xcconfig */;
			buildSettings = {
				ALWAYS_EMBED_SWIFT_STANDARD_LIBRARIES = YES;
				BUNDLE_LOADER = "$(TEST_HOST)";
				CODE_SIGN_STYLE = Automatic;
				CURRENT_PROJECT_VERSION = 1;
				GENERATE_INFOPLIST_FILE = YES;
				IPHONEOS_DEPLOYMENT_TARGET = 15.5;
				MARKETING_VERSION = 1.0;
				PRODUCT_BUNDLE_IDENTIFIER = gomin.MYONGSIKTests;
				PRODUCT_NAME = "$(TARGET_NAME)";
				SWIFT_EMIT_LOC_STRINGS = NO;
				SWIFT_VERSION = 5.0;
				TARGETED_DEVICE_FAMILY = "1,2";
				TEST_HOST = "$(BUILT_PRODUCTS_DIR)/MYONGSIK.app/MYONGSIK";
			};
			name = Release;
		};
		23166A9F28FECD9F002AEFB7 /* Debug */ = {
			isa = XCBuildConfiguration;
			baseConfigurationReference = 05499D88CFD8F6094E3854DF /* Pods-MYONGSIK-MYONGSIKUITests.debug.xcconfig */;
			buildSettings = {
				ALWAYS_EMBED_SWIFT_STANDARD_LIBRARIES = YES;
				CODE_SIGN_STYLE = Automatic;
				CURRENT_PROJECT_VERSION = 1;
				GENERATE_INFOPLIST_FILE = YES;
				MARKETING_VERSION = 1.0;
				PRODUCT_BUNDLE_IDENTIFIER = gomin.MYONGSIKUITests;
				PRODUCT_NAME = "$(TARGET_NAME)";
				SWIFT_EMIT_LOC_STRINGS = NO;
				SWIFT_VERSION = 5.0;
				TARGETED_DEVICE_FAMILY = "1,2";
				TEST_TARGET_NAME = MYONGSIK;
			};
			name = Debug;
		};
		23166AA028FECD9F002AEFB7 /* Release */ = {
			isa = XCBuildConfiguration;
			baseConfigurationReference = 7595CF6EE606B781645AD9EB /* Pods-MYONGSIK-MYONGSIKUITests.release.xcconfig */;
			buildSettings = {
				ALWAYS_EMBED_SWIFT_STANDARD_LIBRARIES = YES;
				CODE_SIGN_STYLE = Automatic;
				CURRENT_PROJECT_VERSION = 1;
				GENERATE_INFOPLIST_FILE = YES;
				MARKETING_VERSION = 1.0;
				PRODUCT_BUNDLE_IDENTIFIER = gomin.MYONGSIKUITests;
				PRODUCT_NAME = "$(TARGET_NAME)";
				SWIFT_EMIT_LOC_STRINGS = NO;
				SWIFT_VERSION = 5.0;
				TARGETED_DEVICE_FAMILY = "1,2";
				TEST_TARGET_NAME = MYONGSIK;
			};
			name = Release;
		};
/* End XCBuildConfiguration section */

/* Begin XCConfigurationList section */
		23166A6928FECD9C002AEFB7 /* Build configuration list for PBXProject "MYONGSIK" */ = {
			isa = XCConfigurationList;
			buildConfigurations = (
				23166A9628FECD9F002AEFB7 /* Debug */,
				23166A9728FECD9F002AEFB7 /* Release */,
			);
			defaultConfigurationIsVisible = 0;
			defaultConfigurationName = Release;
		};
		23166A9828FECD9F002AEFB7 /* Build configuration list for PBXNativeTarget "MYONGSIK" */ = {
			isa = XCConfigurationList;
			buildConfigurations = (
				23166A9928FECD9F002AEFB7 /* Debug */,
				23166A9A28FECD9F002AEFB7 /* Release */,
			);
			defaultConfigurationIsVisible = 0;
			defaultConfigurationName = Release;
		};
		23166A9B28FECD9F002AEFB7 /* Build configuration list for PBXNativeTarget "MYONGSIKTests" */ = {
			isa = XCConfigurationList;
			buildConfigurations = (
				23166A9C28FECD9F002AEFB7 /* Debug */,
				23166A9D28FECD9F002AEFB7 /* Release */,
			);
			defaultConfigurationIsVisible = 0;
			defaultConfigurationName = Release;
		};
		23166A9E28FECD9F002AEFB7 /* Build configuration list for PBXNativeTarget "MYONGSIKUITests" */ = {
			isa = XCConfigurationList;
			buildConfigurations = (
				23166A9F28FECD9F002AEFB7 /* Debug */,
				23166AA028FECD9F002AEFB7 /* Release */,
			);
			defaultConfigurationIsVisible = 0;
			defaultConfigurationName = Release;
		};
/* End XCConfigurationList section */
	};
	rootObject = 23166A6628FECD9C002AEFB7 /* Project object */;
}
