// !$*UTF8*$!
{
	archiveVersion = 1;
	classes = {
	};
	objectVersion = 55;
	objects = {

/* Begin PBXBuildFile section */
		16E35826E03E14564D74F8D8 /* Pods_MYONGSIK_MYONGSIKUITests.framework in Frameworks */ = {isa = PBXBuildFile; fileRef = 0F3766A332C9FBAAF6A71FF8 /* Pods_MYONGSIK_MYONGSIKUITests.framework */; };
		2311611829117F9D00AD73D2 /* HeartListTableViewCell.swift in Sources */ = {isa = PBXBuildFile; fileRef = 2311611729117F9D00AD73D2 /* HeartListTableViewCell.swift */; };
		2311611A2911807A00AD73D2 /* HeartListData.swift in Sources */ = {isa = PBXBuildFile; fileRef = 231161192911807A00AD73D2 /* HeartListData.swift */; };
		2311611C2911952200AD73D2 /* ToastBar.swift in Sources */ = {isa = PBXBuildFile; fileRef = 2311611B2911952200AD73D2 /* ToastBar.swift */; };
		23166A7228FECD9D002AEFB7 /* AppDelegate.swift in Sources */ = {isa = PBXBuildFile; fileRef = 23166A7128FECD9D002AEFB7 /* AppDelegate.swift */; };
		23166A7428FECD9D002AEFB7 /* SceneDelegate.swift in Sources */ = {isa = PBXBuildFile; fileRef = 23166A7328FECD9D002AEFB7 /* SceneDelegate.swift */; };
		23166A7628FECD9D002AEFB7 /* MainViewController.swift in Sources */ = {isa = PBXBuildFile; fileRef = 23166A7528FECD9D002AEFB7 /* MainViewController.swift */; };
		23166A7928FECD9D002AEFB7 /* Main.storyboard in Resources */ = {isa = PBXBuildFile; fileRef = 23166A7728FECD9D002AEFB7 /* Main.storyboard */; };
		23166A7B28FECD9E002AEFB7 /* Assets.xcassets in Resources */ = {isa = PBXBuildFile; fileRef = 23166A7A28FECD9E002AEFB7 /* Assets.xcassets */; };
		23166A7E28FECD9E002AEFB7 /* LaunchScreen.storyboard in Resources */ = {isa = PBXBuildFile; fileRef = 23166A7C28FECD9E002AEFB7 /* LaunchScreen.storyboard */; };
		23166A8928FECD9F002AEFB7 /* MYONGSIKTests.swift in Sources */ = {isa = PBXBuildFile; fileRef = 23166A8828FECD9F002AEFB7 /* MYONGSIKTests.swift */; };
		23166A9328FECD9F002AEFB7 /* MYONGSIKUITests.swift in Sources */ = {isa = PBXBuildFile; fileRef = 23166A9228FECD9F002AEFB7 /* MYONGSIKUITests.swift */; };
		23166A9528FECD9F002AEFB7 /* MYONGSIKUITestsLaunchTests.swift in Sources */ = {isa = PBXBuildFile; fileRef = 23166A9428FECD9F002AEFB7 /* MYONGSIKUITestsLaunchTests.swift */; };
		2324102628FF0A4A0095C0CC /* BaseViewController.swift in Sources */ = {isa = PBXBuildFile; fileRef = 2324102528FF0A4A0095C0CC /* BaseViewController.swift */; };
		2324102A28FF0DD50095C0CC /* PaddingLabel.swift in Sources */ = {isa = PBXBuildFile; fileRef = 2324102928FF0DD50095C0CC /* PaddingLabel.swift */; };
		2324102E28FF2C9F0095C0CC /* FormatManager.swift in Sources */ = {isa = PBXBuildFile; fileRef = 2324102D28FF2C9F0095C0CC /* FormatManager.swift */; };
		23451DE929116964006AE030 /* RestaurantTagViewController.swift in Sources */ = {isa = PBXBuildFile; fileRef = 23451DE829116964006AE030 /* RestaurantTagViewController.swift */; };
		23451DEB29117355006AE030 /* WebViewController.swift in Sources */ = {isa = PBXBuildFile; fileRef = 23451DEA29117355006AE030 /* WebViewController.swift */; };
		23451DED29117633006AE030 /* WebKit.framework in Frameworks */ = {isa = PBXBuildFile; fileRef = 23451DEC29117633006AE030 /* WebKit.framework */; };
		2348C670290074AB00355B53 /* InfoPlist.strings in Resources */ = {isa = PBXBuildFile; fileRef = 2348C672290074AB00355B53 /* InfoPlist.strings */; };
		23735AFA28FEDA6100599221 /* NotoSansKR-Bold.otf in Resources */ = {isa = PBXBuildFile; fileRef = 23735AF728FEDA6100599221 /* NotoSansKR-Bold.otf */; };
		23735AFB28FEDA6100599221 /* NotoSansKR-Light.otf in Resources */ = {isa = PBXBuildFile; fileRef = 23735AF828FEDA6100599221 /* NotoSansKR-Light.otf */; };
		23735AFC28FEDA6100599221 /* NotoSansKR-Regular.otf in Resources */ = {isa = PBXBuildFile; fileRef = 23735AF928FEDA6100599221 /* NotoSansKR-Regular.otf */; };
		23735AFE28FEDA7F00599221 /* UIFont.swift in Sources */ = {isa = PBXBuildFile; fileRef = 23735AFD28FEDA7F00599221 /* UIFont.swift */; };
		23735B0128FEDBF900599221 /* UIColor.swift in Sources */ = {isa = PBXBuildFile; fileRef = 23735B0028FEDBF900599221 /* UIColor.swift */; };
		2373E4E5290AC93000D51B8E /* APIManager.swift in Sources */ = {isa = PBXBuildFile; fileRef = 2373E4E4290AC93000D51B8E /* APIManager.swift */; };
		2373E4E7290ACB7D00D51B8E /* Constants.swift in Sources */ = {isa = PBXBuildFile; fileRef = 2373E4E6290ACB7D00D51B8E /* Constants.swift */; };
		238F562F2910A6D60044214F /* KakaoMapModel.swift in Sources */ = {isa = PBXBuildFile; fileRef = 238F562E2910A6D60044214F /* KakaoMapModel.swift */; };
		238F56312910AA0F0044214F /* MainBaseViewController.swift in Sources */ = {isa = PBXBuildFile; fileRef = 238F56302910AA0F0044214F /* MainBaseViewController.swift */; };
		238F56342910AC170044214F /* SearchResultTableViewCell.swift in Sources */ = {isa = PBXBuildFile; fileRef = 238F56332910AC170044214F /* SearchResultTableViewCell.swift */; };
		2394E92928FEF7C2009B6AEF /* APIModel.swift in Sources */ = {isa = PBXBuildFile; fileRef = 2394E92828FEF7C2009B6AEF /* APIModel.swift */; };
		2394E92C28FEF8E6009B6AEF /* DayFoodModel.swift in Sources */ = {isa = PBXBuildFile; fileRef = 2394E92B28FEF8E6009B6AEF /* DayFoodModel.swift */; };
		23B9E8972911336A009B6D8F /* RestaurantMainViewController.swift in Sources */ = {isa = PBXBuildFile; fileRef = 23B9E8962911336A009B6D8F /* RestaurantMainViewController.swift */; };
		23B9E8992911356D009B6D8F /* ScreenManager.swift in Sources */ = {isa = PBXBuildFile; fileRef = 23B9E8982911356D009B6D8F /* ScreenManager.swift */; };
		23B9E89B29114532009B6D8F /* TagCollectionViewCell.swift in Sources */ = {isa = PBXBuildFile; fileRef = 23B9E89A29114532009B6D8F /* TagCollectionViewCell.swift */; };
		23B9E89D29114670009B6D8F /* TagTableViewCell.swift in Sources */ = {isa = PBXBuildFile; fileRef = 23B9E89C29114670009B6D8F /* TagTableViewCell.swift */; };
		23BE0154290E0AE100861DA5 /* TabBarViewController.swift in Sources */ = {isa = PBXBuildFile; fileRef = 23BE0153290E0AE100861DA5 /* TabBarViewController.swift */; };
		23C993A429108F6F00B8D1E4 /* RestaurantSearchViewController.swift in Sources */ = {isa = PBXBuildFile; fileRef = 23C993A329108F6F00B8D1E4 /* RestaurantSearchViewController.swift */; };
		23C993A629108F7800B8D1E4 /* HeartViewController.swift in Sources */ = {isa = PBXBuildFile; fileRef = 23C993A529108F7800B8D1E4 /* HeartViewController.swift */; };
		23C993AA2910945400B8D1E4 /* UITextField.swift in Sources */ = {isa = PBXBuildFile; fileRef = 23C993A92910945400B8D1E4 /* UITextField.swift */; };
		23E6ACA9290130C50091D803 /* UIDevice.swift in Sources */ = {isa = PBXBuildFile; fileRef = 23E6ACA8290130C50091D803 /* UIDevice.swift */; };
		58A23E1C2028CBEE0CA8BC47 /* Pods_MYONGSIKTests.framework in Frameworks */ = {isa = PBXBuildFile; fileRef = 5079EC780F0F07C3EA02711C /* Pods_MYONGSIKTests.framework */; };
		7303B8B02A0AA28F004C4C52 /* GoogleMobileAdsController.swift in Sources */ = {isa = PBXBuildFile; fileRef = 7303B8AF2A0AA28F004C4C52 /* GoogleMobileAdsController.swift */; };
		73178AC129EAFC3A001C3AA4 /* MapInfoView.swift in Sources */ = {isa = PBXBuildFile; fileRef = 73178AC029EAFC3A001C3AA4 /* MapInfoView.swift */; };
		73178AD829EED14A001C3AA4 /* GoogleService-Info.plist in Resources */ = {isa = PBXBuildFile; fileRef = 73178AD729EED14A001C3AA4 /* GoogleService-Info.plist */; };
		731C3F422A5D3DA300A5277A /* MainViewModel.swift in Sources */ = {isa = PBXBuildFile; fileRef = 731C3F412A5D3DA300A5277A /* MainViewModel.swift */; };
		7329D7612B82EAB100D24D8F /* HeartViewModel.swift in Sources */ = {isa = PBXBuildFile; fileRef = 7329D7602B82EAB100D24D8F /* HeartViewModel.swift */; };
		7329D7632B82F7C800D24D8F /* ViewModelabel.swift in Sources */ = {isa = PBXBuildFile; fileRef = 7329D7622B82F7C800D24D8F /* ViewModelabel.swift */; };
		734360052A2DB55800845A1B /* MainService.swift in Sources */ = {isa = PBXBuildFile; fileRef = 734360042A2DB55800845A1B /* MainService.swift */; };
		734360082A2DBBE800845A1B /* HeartService.swift in Sources */ = {isa = PBXBuildFile; fileRef = 734360072A2DBBE800845A1B /* HeartService.swift */; };
		738DAB122B88823D00BE346C /* RestaurantService.swift in Sources */ = {isa = PBXBuildFile; fileRef = 738DAB112B88823D00BE346C /* RestaurantService.swift */; };
		73A9DAF72B8BA96F00D10102 /* CampusManager.swift in Sources */ = {isa = PBXBuildFile; fileRef = 73A9DAF62B8BA96F00D10102 /* CampusManager.swift */; };
		73A9DAFA2B8BB12D00D10102 /* RestaurantViewModel.swift in Sources */ = {isa = PBXBuildFile; fileRef = 73A9DAF92B8BB12D00D10102 /* RestaurantViewModel.swift */; };
		73C5B24C29F58FEC0035FB64 /* UpdateBottomAlertViewController.swift in Sources */ = {isa = PBXBuildFile; fileRef = 73C5B24B29F58FEC0035FB64 /* UpdateBottomAlertViewController.swift */; };
		73DCDA542B93201D0033FA85 /* WebViewModel.swift in Sources */ = {isa = PBXBuildFile; fileRef = 73DCDA532B93201D0033FA85 /* WebViewModel.swift */; };
		73DCDA562B93465D0033FA85 /* MapViewController.swift in Sources */ = {isa = PBXBuildFile; fileRef = 73DCDA552B93465D0033FA85 /* MapViewController.swift */; };
		73DCDA5A2B936BE60033FA85 /* Key.swift in Sources */ = {isa = PBXBuildFile; fileRef = 73DCDA592B936BE60033FA85 /* Key.swift */; };
		73DCDA5D2B937EEB0033FA85 /* MapViewModel.swift in Sources */ = {isa = PBXBuildFile; fileRef = 73DCDA5C2B937EEB0033FA85 /* MapViewModel.swift */; };
		73DF1D892A9897180097DB63 /* CGFloat+.swift in Sources */ = {isa = PBXBuildFile; fileRef = 73DF1D882A9897180097DB63 /* CGFloat+.swift */; };
		73DF1D8C2A9898FE0097DB63 /* Restaurant.swift in Sources */ = {isa = PBXBuildFile; fileRef = 73DF1D8B2A9898FE0097DB63 /* Restaurant.swift */; };
		73DF1D8E2A98A23A0097DB63 /* RestaurantSelectCell.swift in Sources */ = {isa = PBXBuildFile; fileRef = 73DF1D8D2A98A23A0097DB63 /* RestaurantSelectCell.swift */; };
		73DF1D922A9981530097DB63 /* FoodInfoCell.swift in Sources */ = {isa = PBXBuildFile; fileRef = 73DF1D912A9981530097DB63 /* FoodInfoCell.swift */; };
		73DF1D942A99B2900097DB63 /* PageCell.swift in Sources */ = {isa = PBXBuildFile; fileRef = 73DF1D932A99B2900097DB63 /* PageCell.swift */; };
		73DF1D962A99B6E90097DB63 /* NSMutableAttributedString+.swift in Sources */ = {isa = PBXBuildFile; fileRef = 73DF1D952A99B6E90097DB63 /* NSMutableAttributedString+.swift */; };
		92033E7EAD47D14ADA175F1B /* Pods_MYONGSIK.framework in Frameworks */ = {isa = PBXBuildFile; fileRef = 6500C555B9535208405D27B9 /* Pods_MYONGSIK.framework */; };
		A202857F29C5B339008A7853 /* Toast in Frameworks */ = {isa = PBXBuildFile; productRef = A202857E29C5B339008A7853 /* Toast */; };
		A202858129C7520C008A7853 /* RestaurantModel.swift in Sources */ = {isa = PBXBuildFile; fileRef = A202858029C7520C008A7853 /* RestaurantModel.swift */; };
		A23DA70729A7EFEA003FDA56 /* DeviceIdManager.swift in Sources */ = {isa = PBXBuildFile; fileRef = A23DA70629A7EFEA003FDA56 /* DeviceIdManager.swift */; };
		A23DA70929A7F1AD003FDA56 /* UserModel.swift in Sources */ = {isa = PBXBuildFile; fileRef = A23DA70829A7F1AD003FDA56 /* UserModel.swift */; };
		A23DA70B29A89575003FDA56 /* UIResponder+.swift in Sources */ = {isa = PBXBuildFile; fileRef = A23DA70A29A89575003FDA56 /* UIResponder+.swift */; };
		A23F2DB129A2F9750046ED70 /* SubmitViewController.swift in Sources */ = {isa = PBXBuildFile; fileRef = A23F2DB029A2F9750046ED70 /* SubmitViewController.swift */; };
		A23F2DB829A3131C0046ED70 /* SplashViewController.swift in Sources */ = {isa = PBXBuildFile; fileRef = A23F2DB729A3131C0046ED70 /* SplashViewController.swift */; };
		A2431C8929A3243D00D8E493 /* CampusSetPopupViewController.swift in Sources */ = {isa = PBXBuildFile; fileRef = A2431C8829A3243D00D8E493 /* CampusSetPopupViewController.swift */; };
		A2431C8C29A3473D00D8E493 /* String+.swift in Sources */ = {isa = PBXBuildFile; fileRef = A2431C8B29A3473D00D8E493 /* String+.swift */; };
		A2431C8E29A347C300D8E493 /* CALayer+.swift in Sources */ = {isa = PBXBuildFile; fileRef = A2431C8D29A347C300D8E493 /* CALayer+.swift */; };
		A2431C9029A34FBA00D8E493 /* PopupBaseVIewController.swift in Sources */ = {isa = PBXBuildFile; fileRef = A2431C8F29A34FBA00D8E493 /* PopupBaseVIewController.swift */; };
		A258496B29E687C900E75568 /* WidgetKit.framework in Frameworks */ = {isa = PBXBuildFile; fileRef = A258496A29E687C900E75568 /* WidgetKit.framework */; };
		A258496D29E687C900E75568 /* SwiftUI.framework in Frameworks */ = {isa = PBXBuildFile; fileRef = A258496C29E687C900E75568 /* SwiftUI.framework */; };
		A258497029E687C900E75568 /* DailyFoodWidgetBundle.swift in Sources */ = {isa = PBXBuildFile; fileRef = A258496F29E687C900E75568 /* DailyFoodWidgetBundle.swift */; };
		A258497429E687C900E75568 /* DailyFoodWidget.swift in Sources */ = {isa = PBXBuildFile; fileRef = A258497329E687C900E75568 /* DailyFoodWidget.swift */; };
		A258497629E687CA00E75568 /* Assets.xcassets in Resources */ = {isa = PBXBuildFile; fileRef = A258497529E687CA00E75568 /* Assets.xcassets */; };
		A258497A29E687CA00E75568 /* DailyFoodWidgetExtension.appex in Embed Foundation Extensions */ = {isa = PBXBuildFile; fileRef = A258496929E687C900E75568 /* DailyFoodWidgetExtension.appex */; settings = {ATTRIBUTES = (RemoveHeadersOnCopy, ); }; };
		A2A7966529A4702100A2F2E2 /* SelectRestaurantViewController.swift in Sources */ = {isa = PBXBuildFile; fileRef = A2A7966429A4702100A2F2E2 /* SelectRestaurantViewController.swift */; };
		A2EA100929F3F855000D600B /* SettingRestautrantViewController.swift in Sources */ = {isa = PBXBuildFile; fileRef = A2EA100829F3F855000D600B /* SettingRestautrantViewController.swift */; };
		A2EA100B29F3FAD4000D600B /* SettingResTableViewCell.swift in Sources */ = {isa = PBXBuildFile; fileRef = A2EA100A29F3FAD4000D600B /* SettingResTableViewCell.swift */; };
		A2EA100E29F41162000D600B /* UserDefaults+.swift in Sources */ = {isa = PBXBuildFile; fileRef = A2EA100D29F41162000D600B /* UserDefaults+.swift */; };
		A2EA100F29F412AA000D600B /* UserDefaults+.swift in Sources */ = {isa = PBXBuildFile; fileRef = A2EA100D29F41162000D600B /* UserDefaults+.swift */; };
/* End PBXBuildFile section */

/* Begin PBXContainerItemProxy section */
		23166A8528FECD9E002AEFB7 /* PBXContainerItemProxy */ = {
			isa = PBXContainerItemProxy;
			containerPortal = 23166A6628FECD9C002AEFB7 /* Project object */;
			proxyType = 1;
			remoteGlobalIDString = 23166A6D28FECD9C002AEFB7;
			remoteInfo = MYONGSIK;
		};
		23166A8F28FECD9F002AEFB7 /* PBXContainerItemProxy */ = {
			isa = PBXContainerItemProxy;
			containerPortal = 23166A6628FECD9C002AEFB7 /* Project object */;
			proxyType = 1;
			remoteGlobalIDString = 23166A6D28FECD9C002AEFB7;
			remoteInfo = MYONGSIK;
		};
		A258497829E687CA00E75568 /* PBXContainerItemProxy */ = {
			isa = PBXContainerItemProxy;
			containerPortal = 23166A6628FECD9C002AEFB7 /* Project object */;
			proxyType = 1;
			remoteGlobalIDString = A258496829E687C900E75568;
			remoteInfo = DailyFoodWidgetExtension;
		};
/* End PBXContainerItemProxy section */

/* Begin PBXCopyFilesBuildPhase section */
		A258497B29E687CA00E75568 /* Embed Foundation Extensions */ = {
			isa = PBXCopyFilesBuildPhase;
			buildActionMask = 2147483647;
			dstPath = "";
			dstSubfolderSpec = 13;
			files = (
				A258497A29E687CA00E75568 /* DailyFoodWidgetExtension.appex in Embed Foundation Extensions */,
			);
			name = "Embed Foundation Extensions";
			runOnlyForDeploymentPostprocessing = 0;
		};
/* End PBXCopyFilesBuildPhase section */

/* Begin PBXFileReference section */
		05499D88CFD8F6094E3854DF /* Pods-MYONGSIK-MYONGSIKUITests.debug.xcconfig */ = {isa = PBXFileReference; includeInIndex = 1; lastKnownFileType = text.xcconfig; name = "Pods-MYONGSIK-MYONGSIKUITests.debug.xcconfig"; path = "Target Support Files/Pods-MYONGSIK-MYONGSIKUITests/Pods-MYONGSIK-MYONGSIKUITests.debug.xcconfig"; sourceTree = "<group>"; };
		0F3766A332C9FBAAF6A71FF8 /* Pods_MYONGSIK_MYONGSIKUITests.framework */ = {isa = PBXFileReference; explicitFileType = wrapper.framework; includeInIndex = 0; path = Pods_MYONGSIK_MYONGSIKUITests.framework; sourceTree = BUILT_PRODUCTS_DIR; };
		108AE19554B82CED05D5D05C /* Pods-MYONGSIKTests.release.xcconfig */ = {isa = PBXFileReference; includeInIndex = 1; lastKnownFileType = text.xcconfig; name = "Pods-MYONGSIKTests.release.xcconfig"; path = "Target Support Files/Pods-MYONGSIKTests/Pods-MYONGSIKTests.release.xcconfig"; sourceTree = "<group>"; };
		2311611729117F9D00AD73D2 /* HeartListTableViewCell.swift */ = {isa = PBXFileReference; lastKnownFileType = sourcecode.swift; path = HeartListTableViewCell.swift; sourceTree = "<group>"; };
		231161192911807A00AD73D2 /* HeartListData.swift */ = {isa = PBXFileReference; lastKnownFileType = sourcecode.swift; path = HeartListData.swift; sourceTree = "<group>"; };
		2311611B2911952200AD73D2 /* ToastBar.swift */ = {isa = PBXFileReference; lastKnownFileType = sourcecode.swift; path = ToastBar.swift; sourceTree = "<group>"; };
		23166A6E28FECD9C002AEFB7 /* MYONGSIK.app */ = {isa = PBXFileReference; explicitFileType = wrapper.application; includeInIndex = 0; path = MYONGSIK.app; sourceTree = BUILT_PRODUCTS_DIR; };
		23166A7128FECD9D002AEFB7 /* AppDelegate.swift */ = {isa = PBXFileReference; lastKnownFileType = sourcecode.swift; path = AppDelegate.swift; sourceTree = "<group>"; };
		23166A7328FECD9D002AEFB7 /* SceneDelegate.swift */ = {isa = PBXFileReference; lastKnownFileType = sourcecode.swift; path = SceneDelegate.swift; sourceTree = "<group>"; };
		23166A7528FECD9D002AEFB7 /* MainViewController.swift */ = {isa = PBXFileReference; lastKnownFileType = sourcecode.swift; path = MainViewController.swift; sourceTree = "<group>"; };
		23166A7828FECD9D002AEFB7 /* Base */ = {isa = PBXFileReference; lastKnownFileType = file.storyboard; name = Base; path = Base.lproj/Main.storyboard; sourceTree = "<group>"; };
		23166A7A28FECD9E002AEFB7 /* Assets.xcassets */ = {isa = PBXFileReference; lastKnownFileType = folder.assetcatalog; path = Assets.xcassets; sourceTree = "<group>"; };
		23166A7D28FECD9E002AEFB7 /* Base */ = {isa = PBXFileReference; lastKnownFileType = file.storyboard; name = Base; path = Base.lproj/LaunchScreen.storyboard; sourceTree = "<group>"; };
		23166A7F28FECD9E002AEFB7 /* Info.plist */ = {isa = PBXFileReference; lastKnownFileType = text.plist.xml; path = Info.plist; sourceTree = "<group>"; };
		23166A8428FECD9E002AEFB7 /* MYONGSIKTests.xctest */ = {isa = PBXFileReference; explicitFileType = wrapper.cfbundle; includeInIndex = 0; path = MYONGSIKTests.xctest; sourceTree = BUILT_PRODUCTS_DIR; };
		23166A8828FECD9F002AEFB7 /* MYONGSIKTests.swift */ = {isa = PBXFileReference; lastKnownFileType = sourcecode.swift; path = MYONGSIKTests.swift; sourceTree = "<group>"; };
		23166A8E28FECD9F002AEFB7 /* MYONGSIKUITests.xctest */ = {isa = PBXFileReference; explicitFileType = wrapper.cfbundle; includeInIndex = 0; path = MYONGSIKUITests.xctest; sourceTree = BUILT_PRODUCTS_DIR; };
		23166A9228FECD9F002AEFB7 /* MYONGSIKUITests.swift */ = {isa = PBXFileReference; lastKnownFileType = sourcecode.swift; path = MYONGSIKUITests.swift; sourceTree = "<group>"; };
		23166A9428FECD9F002AEFB7 /* MYONGSIKUITestsLaunchTests.swift */ = {isa = PBXFileReference; lastKnownFileType = sourcecode.swift; path = MYONGSIKUITestsLaunchTests.swift; sourceTree = "<group>"; };
		2324102528FF0A4A0095C0CC /* BaseViewController.swift */ = {isa = PBXFileReference; lastKnownFileType = sourcecode.swift; path = BaseViewController.swift; sourceTree = "<group>"; };
		2324102928FF0DD50095C0CC /* PaddingLabel.swift */ = {isa = PBXFileReference; lastKnownFileType = sourcecode.swift; path = PaddingLabel.swift; sourceTree = "<group>"; };
		2324102D28FF2C9F0095C0CC /* FormatManager.swift */ = {isa = PBXFileReference; lastKnownFileType = sourcecode.swift; path = FormatManager.swift; sourceTree = "<group>"; };
		23451DE829116964006AE030 /* RestaurantTagViewController.swift */ = {isa = PBXFileReference; lastKnownFileType = sourcecode.swift; path = RestaurantTagViewController.swift; sourceTree = "<group>"; };
		23451DEA29117355006AE030 /* WebViewController.swift */ = {isa = PBXFileReference; lastKnownFileType = sourcecode.swift; path = WebViewController.swift; sourceTree = "<group>"; };
		23451DEC29117633006AE030 /* WebKit.framework */ = {isa = PBXFileReference; lastKnownFileType = wrapper.framework; name = WebKit.framework; path = System/Library/Frameworks/WebKit.framework; sourceTree = SDKROOT; };
		2348C671290074AB00355B53 /* en */ = {isa = PBXFileReference; lastKnownFileType = text.plist.strings; name = en; path = en.lproj/InfoPlist.strings; sourceTree = "<group>"; };
		2348C673290074D100355B53 /* ko */ = {isa = PBXFileReference; lastKnownFileType = text.plist.strings; name = ko; path = ko.lproj/InfoPlist.strings; sourceTree = "<group>"; };
		23735AF728FEDA6100599221 /* NotoSansKR-Bold.otf */ = {isa = PBXFileReference; lastKnownFileType = file; path = "NotoSansKR-Bold.otf"; sourceTree = "<group>"; };
		23735AF828FEDA6100599221 /* NotoSansKR-Light.otf */ = {isa = PBXFileReference; lastKnownFileType = file; path = "NotoSansKR-Light.otf"; sourceTree = "<group>"; };
		23735AF928FEDA6100599221 /* NotoSansKR-Regular.otf */ = {isa = PBXFileReference; lastKnownFileType = file; path = "NotoSansKR-Regular.otf"; sourceTree = "<group>"; };
		23735AFD28FEDA7F00599221 /* UIFont.swift */ = {isa = PBXFileReference; lastKnownFileType = sourcecode.swift; path = UIFont.swift; sourceTree = "<group>"; };
		23735B0028FEDBF900599221 /* UIColor.swift */ = {isa = PBXFileReference; lastKnownFileType = sourcecode.swift; path = UIColor.swift; sourceTree = "<group>"; };
		2373E4E4290AC93000D51B8E /* APIManager.swift */ = {isa = PBXFileReference; lastKnownFileType = sourcecode.swift; path = APIManager.swift; sourceTree = "<group>"; };
		2373E4E6290ACB7D00D51B8E /* Constants.swift */ = {isa = PBXFileReference; lastKnownFileType = sourcecode.swift; path = Constants.swift; sourceTree = "<group>"; };
		238F562E2910A6D60044214F /* KakaoMapModel.swift */ = {isa = PBXFileReference; lastKnownFileType = sourcecode.swift; path = KakaoMapModel.swift; sourceTree = "<group>"; };
		238F56302910AA0F0044214F /* MainBaseViewController.swift */ = {isa = PBXFileReference; lastKnownFileType = sourcecode.swift; path = MainBaseViewController.swift; sourceTree = "<group>"; };
		238F56332910AC170044214F /* SearchResultTableViewCell.swift */ = {isa = PBXFileReference; lastKnownFileType = sourcecode.swift; path = SearchResultTableViewCell.swift; sourceTree = "<group>"; };
		2394E92828FEF7C2009B6AEF /* APIModel.swift */ = {isa = PBXFileReference; lastKnownFileType = sourcecode.swift; path = APIModel.swift; sourceTree = "<group>"; };
		2394E92B28FEF8E6009B6AEF /* DayFoodModel.swift */ = {isa = PBXFileReference; lastKnownFileType = sourcecode.swift; path = DayFoodModel.swift; sourceTree = "<group>"; };
		23B9E8962911336A009B6D8F /* RestaurantMainViewController.swift */ = {isa = PBXFileReference; lastKnownFileType = sourcecode.swift; path = RestaurantMainViewController.swift; sourceTree = "<group>"; };
		23B9E8982911356D009B6D8F /* ScreenManager.swift */ = {isa = PBXFileReference; lastKnownFileType = sourcecode.swift; path = ScreenManager.swift; sourceTree = "<group>"; };
		23B9E89A29114532009B6D8F /* TagCollectionViewCell.swift */ = {isa = PBXFileReference; lastKnownFileType = sourcecode.swift; path = TagCollectionViewCell.swift; sourceTree = "<group>"; };
		23B9E89C29114670009B6D8F /* TagTableViewCell.swift */ = {isa = PBXFileReference; lastKnownFileType = sourcecode.swift; path = TagTableViewCell.swift; sourceTree = "<group>"; };
		23BE0153290E0AE100861DA5 /* TabBarViewController.swift */ = {isa = PBXFileReference; lastKnownFileType = sourcecode.swift; path = TabBarViewController.swift; sourceTree = "<group>"; };
		23C993A329108F6F00B8D1E4 /* RestaurantSearchViewController.swift */ = {isa = PBXFileReference; lastKnownFileType = sourcecode.swift; path = RestaurantSearchViewController.swift; sourceTree = "<group>"; };
		23C993A529108F7800B8D1E4 /* HeartViewController.swift */ = {isa = PBXFileReference; lastKnownFileType = sourcecode.swift; path = HeartViewController.swift; sourceTree = "<group>"; };
		23C993A92910945400B8D1E4 /* UITextField.swift */ = {isa = PBXFileReference; lastKnownFileType = sourcecode.swift; path = UITextField.swift; sourceTree = "<group>"; };
		23E6ACA8290130C50091D803 /* UIDevice.swift */ = {isa = PBXFileReference; lastKnownFileType = sourcecode.swift; path = UIDevice.swift; sourceTree = "<group>"; };
		409643676213BA9A3C80FD32 /* Pods-MYONGSIKTests.debug.xcconfig */ = {isa = PBXFileReference; includeInIndex = 1; lastKnownFileType = text.xcconfig; name = "Pods-MYONGSIKTests.debug.xcconfig"; path = "Target Support Files/Pods-MYONGSIKTests/Pods-MYONGSIKTests.debug.xcconfig"; sourceTree = "<group>"; };
		5079EC780F0F07C3EA02711C /* Pods_MYONGSIKTests.framework */ = {isa = PBXFileReference; explicitFileType = wrapper.framework; includeInIndex = 0; path = Pods_MYONGSIKTests.framework; sourceTree = BUILT_PRODUCTS_DIR; };
		6500C555B9535208405D27B9 /* Pods_MYONGSIK.framework */ = {isa = PBXFileReference; explicitFileType = wrapper.framework; includeInIndex = 0; path = Pods_MYONGSIK.framework; sourceTree = BUILT_PRODUCTS_DIR; };
		7303B8AF2A0AA28F004C4C52 /* GoogleMobileAdsController.swift */ = {isa = PBXFileReference; lastKnownFileType = sourcecode.swift; path = GoogleMobileAdsController.swift; sourceTree = "<group>"; };
		73178AC029EAFC3A001C3AA4 /* MapInfoView.swift */ = {isa = PBXFileReference; lastKnownFileType = sourcecode.swift; path = MapInfoView.swift; sourceTree = "<group>"; };
		73178AD729EED14A001C3AA4 /* GoogleService-Info.plist */ = {isa = PBXFileReference; fileEncoding = 4; lastKnownFileType = text.plist.xml; path = "GoogleService-Info.plist"; sourceTree = "<group>"; };
		731C3F412A5D3DA300A5277A /* MainViewModel.swift */ = {isa = PBXFileReference; lastKnownFileType = sourcecode.swift; path = MainViewModel.swift; sourceTree = "<group>"; };
		7329D7602B82EAB100D24D8F /* HeartViewModel.swift */ = {isa = PBXFileReference; lastKnownFileType = sourcecode.swift; path = HeartViewModel.swift; sourceTree = "<group>"; };
		7329D7622B82F7C800D24D8F /* ViewModelabel.swift */ = {isa = PBXFileReference; lastKnownFileType = sourcecode.swift; path = ViewModelabel.swift; sourceTree = "<group>"; };
		734360042A2DB55800845A1B /* MainService.swift */ = {isa = PBXFileReference; lastKnownFileType = sourcecode.swift; path = MainService.swift; sourceTree = "<group>"; };
		734360072A2DBBE800845A1B /* HeartService.swift */ = {isa = PBXFileReference; lastKnownFileType = sourcecode.swift; path = HeartService.swift; sourceTree = "<group>"; };
		736A8DFB29E9A01700D30A35 /* Metal.framework */ = {isa = PBXFileReference; lastKnownFileType = wrapper.framework; name = Metal.framework; path = System/Library/Frameworks/Metal.framework; sourceTree = SDKROOT; };
		736A8DFD29E9A02000D30A35 /* SystemConfiguration.framework */ = {isa = PBXFileReference; lastKnownFileType = wrapper.framework; name = SystemConfiguration.framework; path = System/Library/Frameworks/SystemConfiguration.framework; sourceTree = SDKROOT; };
		736A8DFF29E9A02F00D30A35 /* CoreLocation.framework */ = {isa = PBXFileReference; lastKnownFileType = wrapper.framework; name = CoreLocation.framework; path = System/Library/Frameworks/CoreLocation.framework; sourceTree = SDKROOT; };
		736A8E0129E9A03700D30A35 /* QuartzCore.framework */ = {isa = PBXFileReference; lastKnownFileType = wrapper.framework; name = QuartzCore.framework; path = System/Library/Frameworks/QuartzCore.framework; sourceTree = SDKROOT; };
		736A8E0329E9A04300D30A35 /* libc++.tbd */ = {isa = PBXFileReference; lastKnownFileType = "sourcecode.text-based-dylib-definition"; name = "libc++.tbd"; path = "usr/lib/libc++.tbd"; sourceTree = SDKROOT; };
		736A8E0429E9A04C00D30A35 /* libxml2.tbd */ = {isa = PBXFileReference; lastKnownFileType = "sourcecode.text-based-dylib-definition"; name = libxml2.tbd; path = usr/lib/libxml2.tbd; sourceTree = SDKROOT; };
		736A8E0529E9A05800D30A35 /* libsqlite3.tbd */ = {isa = PBXFileReference; lastKnownFileType = "sourcecode.text-based-dylib-definition"; name = libsqlite3.tbd; path = usr/lib/libsqlite3.tbd; sourceTree = SDKROOT; };
		738DAB112B88823D00BE346C /* RestaurantService.swift */ = {isa = PBXFileReference; lastKnownFileType = sourcecode.swift; path = RestaurantService.swift; sourceTree = "<group>"; };
		73A9DAF62B8BA96F00D10102 /* CampusManager.swift */ = {isa = PBXFileReference; lastKnownFileType = sourcecode.swift; path = CampusManager.swift; sourceTree = "<group>"; };
		73A9DAF92B8BB12D00D10102 /* RestaurantViewModel.swift */ = {isa = PBXFileReference; lastKnownFileType = sourcecode.swift; path = RestaurantViewModel.swift; sourceTree = "<group>"; };
		73C5B24B29F58FEC0035FB64 /* UpdateBottomAlertViewController.swift */ = {isa = PBXFileReference; lastKnownFileType = sourcecode.swift; path = UpdateBottomAlertViewController.swift; sourceTree = "<group>"; };
		73DCDA532B93201D0033FA85 /* WebViewModel.swift */ = {isa = PBXFileReference; lastKnownFileType = sourcecode.swift; path = WebViewModel.swift; sourceTree = "<group>"; };
		73DCDA552B93465D0033FA85 /* MapViewController.swift */ = {isa = PBXFileReference; lastKnownFileType = sourcecode.swift; path = MapViewController.swift; sourceTree = "<group>"; };
		73DCDA592B936BE60033FA85 /* Key.swift */ = {isa = PBXFileReference; lastKnownFileType = sourcecode.swift; path = Key.swift; sourceTree = "<group>"; };
		73DCDA5C2B937EEB0033FA85 /* MapViewModel.swift */ = {isa = PBXFileReference; lastKnownFileType = sourcecode.swift; path = MapViewModel.swift; sourceTree = "<group>"; };
		73DF1D882A9897180097DB63 /* CGFloat+.swift */ = {isa = PBXFileReference; lastKnownFileType = sourcecode.swift; path = "CGFloat+.swift"; sourceTree = "<group>"; };
		73DF1D8B2A9898FE0097DB63 /* Restaurant.swift */ = {isa = PBXFileReference; lastKnownFileType = sourcecode.swift; path = Restaurant.swift; sourceTree = "<group>"; };
		73DF1D8D2A98A23A0097DB63 /* RestaurantSelectCell.swift */ = {isa = PBXFileReference; lastKnownFileType = sourcecode.swift; path = RestaurantSelectCell.swift; sourceTree = "<group>"; };
		73DF1D912A9981530097DB63 /* FoodInfoCell.swift */ = {isa = PBXFileReference; lastKnownFileType = sourcecode.swift; path = FoodInfoCell.swift; sourceTree = "<group>"; };
		73DF1D932A99B2900097DB63 /* PageCell.swift */ = {isa = PBXFileReference; lastKnownFileType = sourcecode.swift; path = PageCell.swift; sourceTree = "<group>"; };
		73DF1D952A99B6E90097DB63 /* NSMutableAttributedString+.swift */ = {isa = PBXFileReference; lastKnownFileType = sourcecode.swift; path = "NSMutableAttributedString+.swift"; sourceTree = "<group>"; };
		7595CF6EE606B781645AD9EB /* Pods-MYONGSIK-MYONGSIKUITests.release.xcconfig */ = {isa = PBXFileReference; includeInIndex = 1; lastKnownFileType = text.xcconfig; name = "Pods-MYONGSIK-MYONGSIKUITests.release.xcconfig"; path = "Target Support Files/Pods-MYONGSIK-MYONGSIKUITests/Pods-MYONGSIK-MYONGSIKUITests.release.xcconfig"; sourceTree = "<group>"; };
		77CEA1CD0123C0563A94A6E1 /* Pods-MYONGSIK.debug.xcconfig */ = {isa = PBXFileReference; includeInIndex = 1; lastKnownFileType = text.xcconfig; name = "Pods-MYONGSIK.debug.xcconfig"; path = "Target Support Files/Pods-MYONGSIK/Pods-MYONGSIK.debug.xcconfig"; sourceTree = "<group>"; };
		A202858029C7520C008A7853 /* RestaurantModel.swift */ = {isa = PBXFileReference; lastKnownFileType = sourcecode.swift; path = RestaurantModel.swift; sourceTree = "<group>"; };
		A23DA70629A7EFEA003FDA56 /* DeviceIdManager.swift */ = {isa = PBXFileReference; lastKnownFileType = sourcecode.swift; path = DeviceIdManager.swift; sourceTree = "<group>"; };
		A23DA70829A7F1AD003FDA56 /* UserModel.swift */ = {isa = PBXFileReference; lastKnownFileType = sourcecode.swift; path = UserModel.swift; sourceTree = "<group>"; };
		A23DA70A29A89575003FDA56 /* UIResponder+.swift */ = {isa = PBXFileReference; lastKnownFileType = sourcecode.swift; path = "UIResponder+.swift"; sourceTree = "<group>"; };
		A23F2DB029A2F9750046ED70 /* SubmitViewController.swift */ = {isa = PBXFileReference; fileEncoding = 4; lastKnownFileType = sourcecode.swift; name = SubmitViewController.swift; path = ../ViewModels/SubmitViewController.swift; sourceTree = "<group>"; };
		A23F2DB729A3131C0046ED70 /* SplashViewController.swift */ = {isa = PBXFileReference; lastKnownFileType = sourcecode.swift; path = SplashViewController.swift; sourceTree = "<group>"; };
		A2431C8829A3243D00D8E493 /* CampusSetPopupViewController.swift */ = {isa = PBXFileReference; lastKnownFileType = sourcecode.swift; path = CampusSetPopupViewController.swift; sourceTree = "<group>"; };
		A2431C8B29A3473D00D8E493 /* String+.swift */ = {isa = PBXFileReference; lastKnownFileType = sourcecode.swift; path = "String+.swift"; sourceTree = "<group>"; };
		A2431C8D29A347C300D8E493 /* CALayer+.swift */ = {isa = PBXFileReference; lastKnownFileType = sourcecode.swift; path = "CALayer+.swift"; sourceTree = "<group>"; };
		A2431C8F29A34FBA00D8E493 /* PopupBaseVIewController.swift */ = {isa = PBXFileReference; lastKnownFileType = sourcecode.swift; path = PopupBaseVIewController.swift; sourceTree = "<group>"; };
		A258496929E687C900E75568 /* DailyFoodWidgetExtension.appex */ = {isa = PBXFileReference; explicitFileType = "wrapper.app-extension"; includeInIndex = 0; path = DailyFoodWidgetExtension.appex; sourceTree = BUILT_PRODUCTS_DIR; };
		A258496A29E687C900E75568 /* WidgetKit.framework */ = {isa = PBXFileReference; lastKnownFileType = wrapper.framework; name = WidgetKit.framework; path = System/Library/Frameworks/WidgetKit.framework; sourceTree = SDKROOT; };
		A258496C29E687C900E75568 /* SwiftUI.framework */ = {isa = PBXFileReference; lastKnownFileType = wrapper.framework; name = SwiftUI.framework; path = System/Library/Frameworks/SwiftUI.framework; sourceTree = SDKROOT; };
		A258496F29E687C900E75568 /* DailyFoodWidgetBundle.swift */ = {isa = PBXFileReference; lastKnownFileType = sourcecode.swift; path = DailyFoodWidgetBundle.swift; sourceTree = "<group>"; };
		A258497329E687C900E75568 /* DailyFoodWidget.swift */ = {isa = PBXFileReference; lastKnownFileType = sourcecode.swift; path = DailyFoodWidget.swift; sourceTree = "<group>"; };
		A258497529E687CA00E75568 /* Assets.xcassets */ = {isa = PBXFileReference; lastKnownFileType = folder.assetcatalog; path = Assets.xcassets; sourceTree = "<group>"; };
		A258497729E687CA00E75568 /* Info.plist */ = {isa = PBXFileReference; lastKnownFileType = text.plist.xml; path = Info.plist; sourceTree = "<group>"; };
		A2A7966429A4702100A2F2E2 /* SelectRestaurantViewController.swift */ = {isa = PBXFileReference; lastKnownFileType = sourcecode.swift; path = SelectRestaurantViewController.swift; sourceTree = "<group>"; };
		A2EA100829F3F855000D600B /* SettingRestautrantViewController.swift */ = {isa = PBXFileReference; lastKnownFileType = sourcecode.swift; path = SettingRestautrantViewController.swift; sourceTree = "<group>"; };
		A2EA100A29F3FAD4000D600B /* SettingResTableViewCell.swift */ = {isa = PBXFileReference; lastKnownFileType = sourcecode.swift; path = SettingResTableViewCell.swift; sourceTree = "<group>"; };
		A2EA100C29F41130000D600B /* MYONGSIK.entitlements */ = {isa = PBXFileReference; lastKnownFileType = text.plist.entitlements; path = MYONGSIK.entitlements; sourceTree = "<group>"; };
		A2EA100D29F41162000D600B /* UserDefaults+.swift */ = {isa = PBXFileReference; lastKnownFileType = sourcecode.swift; path = "UserDefaults+.swift"; sourceTree = "<group>"; };
		A2EA101229F4264A000D600B /* DailyFoodWidgetExtension.entitlements */ = {isa = PBXFileReference; lastKnownFileType = text.plist.entitlements; path = DailyFoodWidgetExtension.entitlements; sourceTree = "<group>"; };
		AE9F16CCD51F90ED1842BEA4 /* Pods-MYONGSIK.release.xcconfig */ = {isa = PBXFileReference; includeInIndex = 1; lastKnownFileType = text.xcconfig; name = "Pods-MYONGSIK.release.xcconfig"; path = "Target Support Files/Pods-MYONGSIK/Pods-MYONGSIK.release.xcconfig"; sourceTree = "<group>"; };
/* End PBXFileReference section */

/* Begin PBXFrameworksBuildPhase section */
		23166A6B28FECD9C002AEFB7 /* Frameworks */ = {
			isa = PBXFrameworksBuildPhase;
			buildActionMask = 2147483647;
			files = (
				A202857F29C5B339008A7853 /* Toast in Frameworks */,
				23451DED29117633006AE030 /* WebKit.framework in Frameworks */,
				92033E7EAD47D14ADA175F1B /* Pods_MYONGSIK.framework in Frameworks */,
			);
			runOnlyForDeploymentPostprocessing = 0;
		};
		23166A8128FECD9E002AEFB7 /* Frameworks */ = {
			isa = PBXFrameworksBuildPhase;
			buildActionMask = 2147483647;
			files = (
				58A23E1C2028CBEE0CA8BC47 /* Pods_MYONGSIKTests.framework in Frameworks */,
			);
			runOnlyForDeploymentPostprocessing = 0;
		};
		23166A8B28FECD9F002AEFB7 /* Frameworks */ = {
			isa = PBXFrameworksBuildPhase;
			buildActionMask = 2147483647;
			files = (
				16E35826E03E14564D74F8D8 /* Pods_MYONGSIK_MYONGSIKUITests.framework in Frameworks */,
			);
			runOnlyForDeploymentPostprocessing = 0;
		};
		A258496629E687C900E75568 /* Frameworks */ = {
			isa = PBXFrameworksBuildPhase;
			buildActionMask = 2147483647;
			files = (
				A258496D29E687C900E75568 /* SwiftUI.framework in Frameworks */,
				A258496B29E687C900E75568 /* WidgetKit.framework in Frameworks */,
			);
			runOnlyForDeploymentPostprocessing = 0;
		};
/* End PBXFrameworksBuildPhase section */

/* Begin PBXGroup section */
		16E3901AD54B7620460C0BD2 /* Pods */ = {
			isa = PBXGroup;
			children = (
				77CEA1CD0123C0563A94A6E1 /* Pods-MYONGSIK.debug.xcconfig */,
				AE9F16CCD51F90ED1842BEA4 /* Pods-MYONGSIK.release.xcconfig */,
				05499D88CFD8F6094E3854DF /* Pods-MYONGSIK-MYONGSIKUITests.debug.xcconfig */,
				7595CF6EE606B781645AD9EB /* Pods-MYONGSIK-MYONGSIKUITests.release.xcconfig */,
				409643676213BA9A3C80FD32 /* Pods-MYONGSIKTests.debug.xcconfig */,
				108AE19554B82CED05D5D05C /* Pods-MYONGSIKTests.release.xcconfig */,
			);
			path = Pods;
			sourceTree = "<group>";
		};
		23166A6528FECD9C002AEFB7 = {
			isa = PBXGroup;
			children = (
				A2EA101229F4264A000D600B /* DailyFoodWidgetExtension.entitlements */,
				23166A7028FECD9D002AEFB7 /* MYONGSIK */,
				23166A8728FECD9F002AEFB7 /* MYONGSIKTests */,
				23166A9128FECD9F002AEFB7 /* MYONGSIKUITests */,
				A258496E29E687C900E75568 /* DailyFoodWidget */,
				23166A6F28FECD9D002AEFB7 /* Products */,
				16E3901AD54B7620460C0BD2 /* Pods */,
				C3E767C8B313A0328B6C34CF /* Frameworks */,
			);
			sourceTree = "<group>";
		};
		23166A6F28FECD9D002AEFB7 /* Products */ = {
			isa = PBXGroup;
			children = (
				23166A6E28FECD9C002AEFB7 /* MYONGSIK.app */,
				23166A8428FECD9E002AEFB7 /* MYONGSIKTests.xctest */,
				23166A8E28FECD9F002AEFB7 /* MYONGSIKUITests.xctest */,
				A258496929E687C900E75568 /* DailyFoodWidgetExtension.appex */,
			);
			name = Products;
			sourceTree = "<group>";
		};
		23166A7028FECD9D002AEFB7 /* MYONGSIK */ = {
			isa = PBXGroup;
			children = (
				A2EA100C29F41130000D600B /* MYONGSIK.entitlements */,
				73178AD729EED14A001C3AA4 /* GoogleService-Info.plist */,
				2373E4E9290AD18A00D51B8E /* Resource */,
				2373E4E8290AD18500D51B8E /* Source */,
				23166A7A28FECD9E002AEFB7 /* Assets.xcassets */,
				23166A7F28FECD9E002AEFB7 /* Info.plist */,
			);
			path = MYONGSIK;
			sourceTree = "<group>";
		};
		23166A8728FECD9F002AEFB7 /* MYONGSIKTests */ = {
			isa = PBXGroup;
			children = (
				23166A8828FECD9F002AEFB7 /* MYONGSIKTests.swift */,
			);
			path = MYONGSIKTests;
			sourceTree = "<group>";
		};
		23166A9128FECD9F002AEFB7 /* MYONGSIKUITests */ = {
			isa = PBXGroup;
			children = (
				23166A9228FECD9F002AEFB7 /* MYONGSIKUITests.swift */,
				23166A9428FECD9F002AEFB7 /* MYONGSIKUITestsLaunchTests.swift */,
			);
			path = MYONGSIKUITests;
			sourceTree = "<group>";
		};
		23166AA428FECE81002AEFB7 /* View */ = {
			isa = PBXGroup;
			children = (
				23166A7C28FECD9E002AEFB7 /* LaunchScreen.storyboard */,
				23166A7728FECD9D002AEFB7 /* Main.storyboard */,
			);
			path = View;
			sourceTree = "<group>";
		};
		23166AA528FEDA0A002AEFB7 /* Utils */ = {
			isa = PBXGroup;
			children = (
				2324102528FF0A4A0095C0CC /* BaseViewController.swift */,
				238F56302910AA0F0044214F /* MainBaseViewController.swift */,
				2324102D28FF2C9F0095C0CC /* FormatManager.swift */,
				23BE0153290E0AE100861DA5 /* TabBarViewController.swift */,
				23B9E8982911356D009B6D8F /* ScreenManager.swift */,
				2311611B2911952200AD73D2 /* ToastBar.swift */,
				A2431C8F29A34FBA00D8E493 /* PopupBaseVIewController.swift */,
				7329D7622B82F7C800D24D8F /* ViewModelabel.swift */,
			);
			path = Utils;
			sourceTree = "<group>";
		};
		23451DEE29117F70006AE030 /* Cells */ = {
			isa = PBXGroup;
			children = (
				2311611729117F9D00AD73D2 /* HeartListTableViewCell.swift */,
			);
			path = Cells;
			sourceTree = "<group>";
		};
		23735AF528FEDA3D00599221 /* UI */ = {
			isa = PBXGroup;
			children = (
				23735AF628FEDA4800599221 /* Fonts */,
				23E6ACA8290130C50091D803 /* UIDevice.swift */,
				23735B0028FEDBF900599221 /* UIColor.swift */,
				2324102928FF0DD50095C0CC /* PaddingLabel.swift */,
				23C993A92910945400B8D1E4 /* UITextField.swift */,
				A23DA70A29A89575003FDA56 /* UIResponder+.swift */,
			);
			path = UI;
			sourceTree = "<group>";
		};
		23735AF628FEDA4800599221 /* Fonts */ = {
			isa = PBXGroup;
			children = (
				23735AF728FEDA6100599221 /* NotoSansKR-Bold.otf */,
				23735AF828FEDA6100599221 /* NotoSansKR-Light.otf */,
				23735AF928FEDA6100599221 /* NotoSansKR-Regular.otf */,
				23735AFD28FEDA7F00599221 /* UIFont.swift */,
			);
			path = Fonts;
			sourceTree = "<group>";
		};
		2373E4E3290AC92600D51B8E /* Network */ = {
			isa = PBXGroup;
			children = (
				2394E92828FEF7C2009B6AEF /* APIModel.swift */,
				2373E4E4290AC93000D51B8E /* APIManager.swift */,
				2373E4E6290ACB7D00D51B8E /* Constants.swift */,
			);
			path = Network;
			sourceTree = "<group>";
		};
		2373E4E8290AD18500D51B8E /* Source */ = {
			isa = PBXGroup;
			children = (
				2373E4EC290AD1AC00D51B8E /* Presentation */,
				2373E4EB290AD1A900D51B8E /* Data */,
				2373E4EA290AD19A00D51B8E /* Domain */,
			);
			path = Source;
			sourceTree = "<group>";
		};
		2373E4E9290AD18A00D51B8E /* Resource */ = {
			isa = PBXGroup;
			children = (
				73DF1D8A2A98979B0097DB63 /* Enum */,
				A2431C8A29A3472500D8E493 /* Extensions */,
				2373E4ED290AD20300D51B8E /* Support */,
				23735AF528FEDA3D00599221 /* UI */,
			);
			path = Resource;
			sourceTree = "<group>";
		};
		2373E4EA290AD19A00D51B8E /* Domain */ = {
			isa = PBXGroup;
			children = (
				2373E4EE290AD24200D51B8E /* Entity */,
			);
			path = Domain;
			sourceTree = "<group>";
		};
		2373E4EB290AD1A900D51B8E /* Data */ = {
			isa = PBXGroup;
			children = (
				2394E92A28FEF8CC009B6AEF /* Services */,
				2373E4E3290AC92600D51B8E /* Network */,
			);
			path = Data;
			sourceTree = "<group>";
		};
		2373E4EC290AD1AC00D51B8E /* Presentation */ = {
			isa = PBXGroup;
			children = (
				73DCDA502B9320010033FA85 /* Web */,
				23166AA528FEDA0A002AEFB7 /* Utils */,
				23BE0150290E0AAF00861DA5 /* Restaurant */,
				736A8DF529E999CC00D30A35 /* Map */,
				2373E4F2290AD35200D51B8E /* Main */,
				23BE014F290E0AA900861DA5 /* Heart */,
				2373E4F1290AD31B00D51B8E /* Launch */,
			);
			path = Presentation;
			sourceTree = "<group>";
		};
		2373E4ED290AD20300D51B8E /* Support */ = {
			isa = PBXGroup;
			children = (
				23A7C669290AADE900351D16 /* InfoPlist */,
				23166A7128FECD9D002AEFB7 /* AppDelegate.swift */,
				7303B8AF2A0AA28F004C4C52 /* GoogleMobileAdsController.swift */,
				A23DA70629A7EFEA003FDA56 /* DeviceIdManager.swift */,
				23166A7328FECD9D002AEFB7 /* SceneDelegate.swift */,
				73A9DAF62B8BA96F00D10102 /* CampusManager.swift */,
				73DCDA592B936BE60033FA85 /* Key.swift */,
			);
			path = Support;
			sourceTree = "<group>";
		};
		2373E4EE290AD24200D51B8E /* Entity */ = {
			isa = PBXGroup;
			children = (
				2394E92B28FEF8E6009B6AEF /* DayFoodModel.swift */,
				231161192911807A00AD73D2 /* HeartListData.swift */,
				238F562E2910A6D60044214F /* KakaoMapModel.swift */,
				A202858029C7520C008A7853 /* RestaurantModel.swift */,
				A23DA70829A7F1AD003FDA56 /* UserModel.swift */,
			);
			path = Entity;
			sourceTree = "<group>";
		};
		2373E4F1290AD31B00D51B8E /* Launch */ = {
			isa = PBXGroup;
			children = (
				A23F2DB429A30ED10046ED70 /* Splash */,
				23166AA428FECE81002AEFB7 /* View */,
			);
			path = Launch;
			sourceTree = "<group>";
		};
		2373E4F2290AD35200D51B8E /* Main */ = {
			isa = PBXGroup;
			children = (
				731C3F402A5D3D9200A5277A /* ViewModel */,
				2373E4F4290AD35F00D51B8E /* Cells */,
				2373E4F3290AD35800D51B8E /* ViewControllers */,
			);
			path = Main;
			sourceTree = "<group>";
		};
		2373E4F3290AD35800D51B8E /* ViewControllers */ = {
			isa = PBXGroup;
			children = (
				A2A7966429A4702100A2F2E2 /* SelectRestaurantViewController.swift */,
				23166A7528FECD9D002AEFB7 /* MainViewController.swift */,
				A23F2DB029A2F9750046ED70 /* SubmitViewController.swift */,
				73C5B24B29F58FEC0035FB64 /* UpdateBottomAlertViewController.swift */,
				A2EA100829F3F855000D600B /* SettingRestautrantViewController.swift */,
			);
			path = ViewControllers;
			sourceTree = "<group>";
		};
		2373E4F4290AD35F00D51B8E /* Cells */ = {
			isa = PBXGroup;
			children = (
				73DF1D8D2A98A23A0097DB63 /* RestaurantSelectCell.swift */,
				A2EA100A29F3FAD4000D600B /* SettingResTableViewCell.swift */,
				73DF1D932A99B2900097DB63 /* PageCell.swift */,
				73DF1D912A9981530097DB63 /* FoodInfoCell.swift */,
			);
			path = Cells;
			sourceTree = "<group>";
		};
		238F56322910AC020044214F /* Cells */ = {
			isa = PBXGroup;
			children = (
				238F56332910AC170044214F /* SearchResultTableViewCell.swift */,
				23B9E89A29114532009B6D8F /* TagCollectionViewCell.swift */,
				23B9E89C29114670009B6D8F /* TagTableViewCell.swift */,
			);
			path = Cells;
			sourceTree = "<group>";
		};
		2394E92A28FEF8CC009B6AEF /* Services */ = {
			isa = PBXGroup;
			children = (
				738DAB102B88822200BE346C /* RestaurantService */,
				734360062A2DBBD400845A1B /* HeartService */,
				734360032A2DB54500845A1B /* MainService */,
			);
			path = Services;
			sourceTree = "<group>";
		};
		23A7C669290AADE900351D16 /* InfoPlist */ = {
			isa = PBXGroup;
			children = (
				2348C672290074AB00355B53 /* InfoPlist.strings */,
			);
			path = InfoPlist;
			sourceTree = "<group>";
		};
		23BE014F290E0AA900861DA5 /* Heart */ = {
			isa = PBXGroup;
			children = (
				7329D75F2B82EAA600D24D8F /* ViewModel */,
				23451DEE29117F70006AE030 /* Cells */,
				23BE0151290E0AB800861DA5 /* ViewControllers */,
			);
			path = Heart;
			sourceTree = "<group>";
		};
		23BE0150290E0AAF00861DA5 /* Restaurant */ = {
			isa = PBXGroup;
			children = (
				73A9DAF82B8BB11F00D10102 /* ViewModel */,
				238F56322910AC020044214F /* Cells */,
				23BE0152290E0ABE00861DA5 /* ViewControllers */,
			);
			path = Restaurant;
			sourceTree = "<group>";
		};
		23BE0151290E0AB800861DA5 /* ViewControllers */ = {
			isa = PBXGroup;
			children = (
				23C993A529108F7800B8D1E4 /* HeartViewController.swift */,
			);
			path = ViewControllers;
			sourceTree = "<group>";
		};
		23BE0152290E0ABE00861DA5 /* ViewControllers */ = {
			isa = PBXGroup;
			children = (
				23C993A329108F6F00B8D1E4 /* RestaurantSearchViewController.swift */,
				23B9E8962911336A009B6D8F /* RestaurantMainViewController.swift */,
				23451DE829116964006AE030 /* RestaurantTagViewController.swift */,
			);
			path = ViewControllers;
			sourceTree = "<group>";
		};
		731C3F402A5D3D9200A5277A /* ViewModel */ = {
			isa = PBXGroup;
			children = (
				731C3F412A5D3DA300A5277A /* MainViewModel.swift */,
			);
			path = ViewModel;
			sourceTree = "<group>";
		};
		7329D75F2B82EAA600D24D8F /* ViewModel */ = {
			isa = PBXGroup;
			children = (
				7329D7602B82EAB100D24D8F /* HeartViewModel.swift */,
			);
			path = ViewModel;
			sourceTree = "<group>";
		};
		734360032A2DB54500845A1B /* MainService */ = {
			isa = PBXGroup;
			children = (
				734360042A2DB55800845A1B /* MainService.swift */,
			);
			path = MainService;
			sourceTree = "<group>";
		};
		734360062A2DBBD400845A1B /* HeartService */ = {
			isa = PBXGroup;
			children = (
				734360072A2DBBE800845A1B /* HeartService.swift */,
			);
			path = HeartService;
			sourceTree = "<group>";
		};
		736A8DF529E999CC00D30A35 /* Map */ = {
			isa = PBXGroup;
			children = (
				73DCDA5B2B937EE00033FA85 /* ViewModel */,
				736A8DF629E999D600D30A35 /* ViewController */,
			);
			path = Map;
			sourceTree = "<group>";
		};
		736A8DF629E999D600D30A35 /* ViewController */ = {
			isa = PBXGroup;
			children = (
				73178AC029EAFC3A001C3AA4 /* MapInfoView.swift */,
				73DCDA552B93465D0033FA85 /* MapViewController.swift */,
			);
			path = ViewController;
			sourceTree = "<group>";
		};
		738DAB102B88822200BE346C /* RestaurantService */ = {
			isa = PBXGroup;
			children = (
				738DAB112B88823D00BE346C /* RestaurantService.swift */,
			);
			path = RestaurantService;
			sourceTree = "<group>";
		};
		73A9DAF82B8BB11F00D10102 /* ViewModel */ = {
			isa = PBXGroup;
			children = (
				73A9DAF92B8BB12D00D10102 /* RestaurantViewModel.swift */,
			);
			path = ViewModel;
			sourceTree = "<group>";
		};
		73DCDA502B9320010033FA85 /* Web */ = {
			isa = PBXGroup;
			children = (
				73DCDA522B9320100033FA85 /* ViewModel */,
				73DCDA512B9320060033FA85 /* ViewController */,
			);
			path = Web;
			sourceTree = "<group>";
		};
		73DCDA512B9320060033FA85 /* ViewController */ = {
			isa = PBXGroup;
			children = (
				23451DEA29117355006AE030 /* WebViewController.swift */,
			);
			path = ViewController;
			sourceTree = "<group>";
		};
		73DCDA522B9320100033FA85 /* ViewModel */ = {
			isa = PBXGroup;
			children = (
				73DCDA532B93201D0033FA85 /* WebViewModel.swift */,
			);
			name = ViewModel;
			sourceTree = "<group>";
		};
		73DCDA5B2B937EE00033FA85 /* ViewModel */ = {
			isa = PBXGroup;
			children = (
				73DCDA5C2B937EEB0033FA85 /* MapViewModel.swift */,
			);
			path = ViewModel;
			sourceTree = "<group>";
		};
		73DF1D8A2A98979B0097DB63 /* Enum */ = {
			isa = PBXGroup;
			children = (
				73DF1D8B2A9898FE0097DB63 /* Restaurant.swift */,
			);
			path = Enum;
			sourceTree = "<group>";
		};
		A23F2DB429A30ED10046ED70 /* Splash */ = {
			isa = PBXGroup;
			children = (
				A23F2DB729A3131C0046ED70 /* SplashViewController.swift */,
				A2431C8829A3243D00D8E493 /* CampusSetPopupViewController.swift */,
			);
			path = Splash;
			sourceTree = "<group>";
		};
		A2431C8A29A3472500D8E493 /* Extensions */ = {
			isa = PBXGroup;
			children = (
				A2431C8B29A3473D00D8E493 /* String+.swift */,
				A2431C8D29A347C300D8E493 /* CALayer+.swift */,
				A2EA100D29F41162000D600B /* UserDefaults+.swift */,
				73DF1D882A9897180097DB63 /* CGFloat+.swift */,
				73DF1D952A99B6E90097DB63 /* NSMutableAttributedString+.swift */,
			);
			path = Extensions;
			sourceTree = "<group>";
		};
		A258496E29E687C900E75568 /* DailyFoodWidget */ = {
			isa = PBXGroup;
			children = (
				A258496F29E687C900E75568 /* DailyFoodWidgetBundle.swift */,
				A258497329E687C900E75568 /* DailyFoodWidget.swift */,
				A258497529E687CA00E75568 /* Assets.xcassets */,
				A258497729E687CA00E75568 /* Info.plist */,
			);
			path = DailyFoodWidget;
			sourceTree = "<group>";
		};
		C3E767C8B313A0328B6C34CF /* Frameworks */ = {
			isa = PBXGroup;
			children = (
				736A8E0529E9A05800D30A35 /* libsqlite3.tbd */,
				736A8E0429E9A04C00D30A35 /* libxml2.tbd */,
				736A8E0329E9A04300D30A35 /* libc++.tbd */,
				736A8E0129E9A03700D30A35 /* QuartzCore.framework */,
				736A8DFF29E9A02F00D30A35 /* CoreLocation.framework */,
				736A8DFD29E9A02000D30A35 /* SystemConfiguration.framework */,
				736A8DFB29E9A01700D30A35 /* Metal.framework */,
				23451DEC29117633006AE030 /* WebKit.framework */,
				6500C555B9535208405D27B9 /* Pods_MYONGSIK.framework */,
				0F3766A332C9FBAAF6A71FF8 /* Pods_MYONGSIK_MYONGSIKUITests.framework */,
				5079EC780F0F07C3EA02711C /* Pods_MYONGSIKTests.framework */,
				A258496A29E687C900E75568 /* WidgetKit.framework */,
				A258496C29E687C900E75568 /* SwiftUI.framework */,
			);
			name = Frameworks;
			sourceTree = "<group>";
		};
/* End PBXGroup section */

/* Begin PBXNativeTarget section */
		23166A6D28FECD9C002AEFB7 /* MYONGSIK */ = {
			isa = PBXNativeTarget;
			buildConfigurationList = 23166A9828FECD9F002AEFB7 /* Build configuration list for PBXNativeTarget "MYONGSIK" */;
			buildPhases = (
				74035901E4F6C7AE3F515E24 /* [CP] Check Pods Manifest.lock */,
				23166A6A28FECD9C002AEFB7 /* Sources */,
				23166A6B28FECD9C002AEFB7 /* Frameworks */,
				23166A6C28FECD9C002AEFB7 /* Resources */,
				EEDDC5406744A29A22DEECDA /* [CP] Embed Pods Frameworks */,
				A258497B29E687CA00E75568 /* Embed Foundation Extensions */,
				E41A36069A9DB94C4D47A94F /* [CP] Copy Pods Resources */,
			);
			buildRules = (
			);
			dependencies = (
				A258497929E687CA00E75568 /* PBXTargetDependency */,
			);
			name = MYONGSIK;
			packageProductDependencies = (
				A202857E29C5B339008A7853 /* Toast */,
			);
			productName = MYONGSIK;
			productReference = 23166A6E28FECD9C002AEFB7 /* MYONGSIK.app */;
			productType = "com.apple.product-type.application";
		};
		23166A8328FECD9E002AEFB7 /* MYONGSIKTests */ = {
			isa = PBXNativeTarget;
			buildConfigurationList = 23166A9B28FECD9F002AEFB7 /* Build configuration list for PBXNativeTarget "MYONGSIKTests" */;
			buildPhases = (
				1FEFBB751CE28A0DB87D0086 /* [CP] Check Pods Manifest.lock */,
				23166A8028FECD9E002AEFB7 /* Sources */,
				23166A8128FECD9E002AEFB7 /* Frameworks */,
				23166A8228FECD9E002AEFB7 /* Resources */,
			);
			buildRules = (
			);
			dependencies = (
				23166A8628FECD9E002AEFB7 /* PBXTargetDependency */,
			);
			name = MYONGSIKTests;
			productName = MYONGSIKTests;
			productReference = 23166A8428FECD9E002AEFB7 /* MYONGSIKTests.xctest */;
			productType = "com.apple.product-type.bundle.unit-test";
		};
		23166A8D28FECD9F002AEFB7 /* MYONGSIKUITests */ = {
			isa = PBXNativeTarget;
			buildConfigurationList = 23166A9E28FECD9F002AEFB7 /* Build configuration list for PBXNativeTarget "MYONGSIKUITests" */;
			buildPhases = (
				36EBEE563ED1E28FBA589B72 /* [CP] Check Pods Manifest.lock */,
				23166A8A28FECD9F002AEFB7 /* Sources */,
				23166A8B28FECD9F002AEFB7 /* Frameworks */,
				23166A8C28FECD9F002AEFB7 /* Resources */,
				77DE485AC24FFCE1C9AF4DDC /* [CP] Embed Pods Frameworks */,
				7EB4FA45DDD84408DA5FED79 /* [CP] Copy Pods Resources */,
			);
			buildRules = (
			);
			dependencies = (
				23166A9028FECD9F002AEFB7 /* PBXTargetDependency */,
			);
			name = MYONGSIKUITests;
			productName = MYONGSIKUITests;
			productReference = 23166A8E28FECD9F002AEFB7 /* MYONGSIKUITests.xctest */;
			productType = "com.apple.product-type.bundle.ui-testing";
		};
		A258496829E687C900E75568 /* DailyFoodWidgetExtension */ = {
			isa = PBXNativeTarget;
			buildConfigurationList = A258497E29E687CA00E75568 /* Build configuration list for PBXNativeTarget "DailyFoodWidgetExtension" */;
			buildPhases = (
				A258496529E687C900E75568 /* Sources */,
				A258496629E687C900E75568 /* Frameworks */,
				A258496729E687C900E75568 /* Resources */,
			);
			buildRules = (
			);
			dependencies = (
			);
			name = DailyFoodWidgetExtension;
			productName = DailyFoodWidgetExtension;
			productReference = A258496929E687C900E75568 /* DailyFoodWidgetExtension.appex */;
			productType = "com.apple.product-type.app-extension";
		};
/* End PBXNativeTarget section */

/* Begin PBXProject section */
		23166A6628FECD9C002AEFB7 /* Project object */ = {
			isa = PBXProject;
			attributes = {
				BuildIndependentTargetsInParallel = 1;
				LastSwiftUpdateCheck = 1410;
				LastUpgradeCheck = 1340;
				TargetAttributes = {
					23166A6D28FECD9C002AEFB7 = {
						CreatedOnToolsVersion = 13.4.1;
					};
					23166A8328FECD9E002AEFB7 = {
						CreatedOnToolsVersion = 13.4.1;
						TestTargetID = 23166A6D28FECD9C002AEFB7;
					};
					23166A8D28FECD9F002AEFB7 = {
						CreatedOnToolsVersion = 13.4.1;
						TestTargetID = 23166A6D28FECD9C002AEFB7;
					};
					A258496829E687C900E75568 = {
						CreatedOnToolsVersion = 14.1;
					};
				};
			};
			buildConfigurationList = 23166A6928FECD9C002AEFB7 /* Build configuration list for PBXProject "MYONGSIK" */;
			compatibilityVersion = "Xcode 13.0";
			developmentRegion = en;
			hasScannedForEncodings = 0;
			knownRegions = (
				en,
				Base,
				ko,
			);
			mainGroup = 23166A6528FECD9C002AEFB7;
			packageReferences = (
				A202857D29C5B339008A7853 /* XCRemoteSwiftPackageReference "Toast-Swift" */,
			);
			productRefGroup = 23166A6F28FECD9D002AEFB7 /* Products */;
			projectDirPath = "";
			projectRoot = "";
			targets = (
				23166A6D28FECD9C002AEFB7 /* MYONGSIK */,
				23166A8328FECD9E002AEFB7 /* MYONGSIKTests */,
				23166A8D28FECD9F002AEFB7 /* MYONGSIKUITests */,
				A258496829E687C900E75568 /* DailyFoodWidgetExtension */,
			);
		};
/* End PBXProject section */

/* Begin PBXResourcesBuildPhase section */
		23166A6C28FECD9C002AEFB7 /* Resources */ = {
			isa = PBXResourcesBuildPhase;
			buildActionMask = 2147483647;
			files = (
				23166A7E28FECD9E002AEFB7 /* LaunchScreen.storyboard in Resources */,
				2348C670290074AB00355B53 /* InfoPlist.strings in Resources */,
				23735AFB28FEDA6100599221 /* NotoSansKR-Light.otf in Resources */,
				23166A7B28FECD9E002AEFB7 /* Assets.xcassets in Resources */,
				23735AFA28FEDA6100599221 /* NotoSansKR-Bold.otf in Resources */,
				23735AFC28FEDA6100599221 /* NotoSansKR-Regular.otf in Resources */,
				73178AD829EED14A001C3AA4 /* GoogleService-Info.plist in Resources */,
				23166A7928FECD9D002AEFB7 /* Main.storyboard in Resources */,
			);
			runOnlyForDeploymentPostprocessing = 0;
		};
		23166A8228FECD9E002AEFB7 /* Resources */ = {
			isa = PBXResourcesBuildPhase;
			buildActionMask = 2147483647;
			files = (
			);
			runOnlyForDeploymentPostprocessing = 0;
		};
		23166A8C28FECD9F002AEFB7 /* Resources */ = {
			isa = PBXResourcesBuildPhase;
			buildActionMask = 2147483647;
			files = (
			);
			runOnlyForDeploymentPostprocessing = 0;
		};
		A258496729E687C900E75568 /* Resources */ = {
			isa = PBXResourcesBuildPhase;
			buildActionMask = 2147483647;
			files = (
				A258497629E687CA00E75568 /* Assets.xcassets in Resources */,
			);
			runOnlyForDeploymentPostprocessing = 0;
		};
/* End PBXResourcesBuildPhase section */

/* Begin PBXShellScriptBuildPhase section */
		1FEFBB751CE28A0DB87D0086 /* [CP] Check Pods Manifest.lock */ = {
			isa = PBXShellScriptBuildPhase;
			buildActionMask = 2147483647;
			files = (
			);
			inputFileListPaths = (
			);
			inputPaths = (
				"${PODS_PODFILE_DIR_PATH}/Podfile.lock",
				"${PODS_ROOT}/Manifest.lock",
			);
			name = "[CP] Check Pods Manifest.lock";
			outputFileListPaths = (
			);
			outputPaths = (
				"$(DERIVED_FILE_DIR)/Pods-MYONGSIKTests-checkManifestLockResult.txt",
			);
			runOnlyForDeploymentPostprocessing = 0;
			shellPath = /bin/sh;
			shellScript = "diff \"${PODS_PODFILE_DIR_PATH}/Podfile.lock\" \"${PODS_ROOT}/Manifest.lock\" > /dev/null\nif [ $? != 0 ] ; then\n    # print error to STDERR\n    echo \"error: The sandbox is not in sync with the Podfile.lock. Run 'pod install' or update your CocoaPods installation.\" >&2\n    exit 1\nfi\n# This output is used by Xcode 'outputs' to avoid re-running this script phase.\necho \"SUCCESS\" > \"${SCRIPT_OUTPUT_FILE_0}\"\n";
			showEnvVarsInLog = 0;
		};
		36EBEE563ED1E28FBA589B72 /* [CP] Check Pods Manifest.lock */ = {
			isa = PBXShellScriptBuildPhase;
			buildActionMask = 2147483647;
			files = (
			);
			inputFileListPaths = (
			);
			inputPaths = (
				"${PODS_PODFILE_DIR_PATH}/Podfile.lock",
				"${PODS_ROOT}/Manifest.lock",
			);
			name = "[CP] Check Pods Manifest.lock";
			outputFileListPaths = (
			);
			outputPaths = (
				"$(DERIVED_FILE_DIR)/Pods-MYONGSIK-MYONGSIKUITests-checkManifestLockResult.txt",
			);
			runOnlyForDeploymentPostprocessing = 0;
			shellPath = /bin/sh;
			shellScript = "diff \"${PODS_PODFILE_DIR_PATH}/Podfile.lock\" \"${PODS_ROOT}/Manifest.lock\" > /dev/null\nif [ $? != 0 ] ; then\n    # print error to STDERR\n    echo \"error: The sandbox is not in sync with the Podfile.lock. Run 'pod install' or update your CocoaPods installation.\" >&2\n    exit 1\nfi\n# This output is used by Xcode 'outputs' to avoid re-running this script phase.\necho \"SUCCESS\" > \"${SCRIPT_OUTPUT_FILE_0}\"\n";
			showEnvVarsInLog = 0;
		};
		74035901E4F6C7AE3F515E24 /* [CP] Check Pods Manifest.lock */ = {
			isa = PBXShellScriptBuildPhase;
			buildActionMask = 2147483647;
			files = (
			);
			inputFileListPaths = (
			);
			inputPaths = (
				"${PODS_PODFILE_DIR_PATH}/Podfile.lock",
				"${PODS_ROOT}/Manifest.lock",
			);
			name = "[CP] Check Pods Manifest.lock";
			outputFileListPaths = (
			);
			outputPaths = (
				"$(DERIVED_FILE_DIR)/Pods-MYONGSIK-checkManifestLockResult.txt",
			);
			runOnlyForDeploymentPostprocessing = 0;
			shellPath = /bin/sh;
			shellScript = "diff \"${PODS_PODFILE_DIR_PATH}/Podfile.lock\" \"${PODS_ROOT}/Manifest.lock\" > /dev/null\nif [ $? != 0 ] ; then\n    # print error to STDERR\n    echo \"error: The sandbox is not in sync with the Podfile.lock. Run 'pod install' or update your CocoaPods installation.\" >&2\n    exit 1\nfi\n# This output is used by Xcode 'outputs' to avoid re-running this script phase.\necho \"SUCCESS\" > \"${SCRIPT_OUTPUT_FILE_0}\"\n";
			showEnvVarsInLog = 0;
		};
		77DE485AC24FFCE1C9AF4DDC /* [CP] Embed Pods Frameworks */ = {
			isa = PBXShellScriptBuildPhase;
			buildActionMask = 2147483647;
			files = (
			);
			inputFileListPaths = (
				"${PODS_ROOT}/Target Support Files/Pods-MYONGSIK-MYONGSIKUITests/Pods-MYONGSIK-MYONGSIKUITests-frameworks-${CONFIGURATION}-input-files.xcfilelist",
			);
			name = "[CP] Embed Pods Frameworks";
			outputFileListPaths = (
				"${PODS_ROOT}/Target Support Files/Pods-MYONGSIK-MYONGSIKUITests/Pods-MYONGSIK-MYONGSIKUITests-frameworks-${CONFIGURATION}-output-files.xcfilelist",
			);
			runOnlyForDeploymentPostprocessing = 0;
			shellPath = /bin/sh;
			shellScript = "\"${PODS_ROOT}/Target Support Files/Pods-MYONGSIK-MYONGSIKUITests/Pods-MYONGSIK-MYONGSIKUITests-frameworks.sh\"\n";
			showEnvVarsInLog = 0;
		};
		7EB4FA45DDD84408DA5FED79 /* [CP] Copy Pods Resources */ = {
			isa = PBXShellScriptBuildPhase;
			buildActionMask = 2147483647;
			files = (
			);
			inputFileListPaths = (
				"${PODS_ROOT}/Target Support Files/Pods-MYONGSIK-MYONGSIKUITests/Pods-MYONGSIK-MYONGSIKUITests-resources-${CONFIGURATION}-input-files.xcfilelist",
			);
			name = "[CP] Copy Pods Resources";
			outputFileListPaths = (
				"${PODS_ROOT}/Target Support Files/Pods-MYONGSIK-MYONGSIKUITests/Pods-MYONGSIK-MYONGSIKUITests-resources-${CONFIGURATION}-output-files.xcfilelist",
			);
			runOnlyForDeploymentPostprocessing = 0;
			shellPath = /bin/sh;
			shellScript = "\"${PODS_ROOT}/Target Support Files/Pods-MYONGSIK-MYONGSIKUITests/Pods-MYONGSIK-MYONGSIKUITests-resources.sh\"\n";
			showEnvVarsInLog = 0;
		};
		E41A36069A9DB94C4D47A94F /* [CP] Copy Pods Resources */ = {
			isa = PBXShellScriptBuildPhase;
			buildActionMask = 2147483647;
			files = (
			);
			inputFileListPaths = (
				"${PODS_ROOT}/Target Support Files/Pods-MYONGSIK/Pods-MYONGSIK-resources-${CONFIGURATION}-input-files.xcfilelist",
			);
			name = "[CP] Copy Pods Resources";
			outputFileListPaths = (
				"${PODS_ROOT}/Target Support Files/Pods-MYONGSIK/Pods-MYONGSIK-resources-${CONFIGURATION}-output-files.xcfilelist",
			);
			runOnlyForDeploymentPostprocessing = 0;
			shellPath = /bin/sh;
			shellScript = "\"${PODS_ROOT}/Target Support Files/Pods-MYONGSIK/Pods-MYONGSIK-resources.sh\"\n";
			showEnvVarsInLog = 0;
		};
		EEDDC5406744A29A22DEECDA /* [CP] Embed Pods Frameworks */ = {
			isa = PBXShellScriptBuildPhase;
			buildActionMask = 2147483647;
			files = (
			);
			inputFileListPaths = (
				"${PODS_ROOT}/Target Support Files/Pods-MYONGSIK/Pods-MYONGSIK-frameworks-${CONFIGURATION}-input-files.xcfilelist",
			);
			name = "[CP] Embed Pods Frameworks";
			outputFileListPaths = (
				"${PODS_ROOT}/Target Support Files/Pods-MYONGSIK/Pods-MYONGSIK-frameworks-${CONFIGURATION}-output-files.xcfilelist",
			);
			runOnlyForDeploymentPostprocessing = 0;
			shellPath = /bin/sh;
			shellScript = "\"${PODS_ROOT}/Target Support Files/Pods-MYONGSIK/Pods-MYONGSIK-frameworks.sh\"\n";
			showEnvVarsInLog = 0;
		};
/* End PBXShellScriptBuildPhase section */

/* Begin PBXSourcesBuildPhase section */
		23166A6A28FECD9C002AEFB7 /* Sources */ = {
			isa = PBXSourcesBuildPhase;
			buildActionMask = 2147483647;
			files = (
				73DF1D962A99B6E90097DB63 /* NSMutableAttributedString+.swift in Sources */,
				2373E4E7290ACB7D00D51B8E /* Constants.swift in Sources */,
				A2EA100E29F41162000D600B /* UserDefaults+.swift in Sources */,
				2324102A28FF0DD50095C0CC /* PaddingLabel.swift in Sources */,
				73DF1D922A9981530097DB63 /* FoodInfoCell.swift in Sources */,
				2394E92928FEF7C2009B6AEF /* APIModel.swift in Sources */,
				2311611A2911807A00AD73D2 /* HeartListData.swift in Sources */,
				23BE0154290E0AE100861DA5 /* TabBarViewController.swift in Sources */,
				23735AFE28FEDA7F00599221 /* UIFont.swift in Sources */,
				A2431C8929A3243D00D8E493 /* CampusSetPopupViewController.swift in Sources */,
				23E6ACA9290130C50091D803 /* UIDevice.swift in Sources */,
				73DF1D8C2A9898FE0097DB63 /* Restaurant.swift in Sources */,
				2311611C2911952200AD73D2 /* ToastBar.swift in Sources */,
				73DCDA5A2B936BE60033FA85 /* Key.swift in Sources */,
				73DCDA562B93465D0033FA85 /* MapViewController.swift in Sources */,
				A2431C9029A34FBA00D8E493 /* PopupBaseVIewController.swift in Sources */,
				23166A7628FECD9D002AEFB7 /* MainViewController.swift in Sources */,
				73DF1D942A99B2900097DB63 /* PageCell.swift in Sources */,
				A2431C8E29A347C300D8E493 /* CALayer+.swift in Sources */,
				23166A7228FECD9D002AEFB7 /* AppDelegate.swift in Sources */,
				7329D7632B82F7C800D24D8F /* ViewModelabel.swift in Sources */,
				73A9DAF72B8BA96F00D10102 /* CampusManager.swift in Sources */,
				734360082A2DBBE800845A1B /* HeartService.swift in Sources */,
				73DCDA5D2B937EEB0033FA85 /* MapViewModel.swift in Sources */,
				23C993A429108F6F00B8D1E4 /* RestaurantSearchViewController.swift in Sources */,
				73DCDA542B93201D0033FA85 /* WebViewModel.swift in Sources */,
				73C5B24C29F58FEC0035FB64 /* UpdateBottomAlertViewController.swift in Sources */,
				23B9E89B29114532009B6D8F /* TagCollectionViewCell.swift in Sources */,
				2324102628FF0A4A0095C0CC /* BaseViewController.swift in Sources */,
				2311611829117F9D00AD73D2 /* HeartListTableViewCell.swift in Sources */,
				A2EA100929F3F855000D600B /* SettingRestautrantViewController.swift in Sources */,
				A23DA70929A7F1AD003FDA56 /* UserModel.swift in Sources */,
				23C993AA2910945400B8D1E4 /* UITextField.swift in Sources */,
				2394E92C28FEF8E6009B6AEF /* DayFoodModel.swift in Sources */,
				238F56342910AC170044214F /* SearchResultTableViewCell.swift in Sources */,
				23B9E89D29114670009B6D8F /* TagTableViewCell.swift in Sources */,
				A23DA70B29A89575003FDA56 /* UIResponder+.swift in Sources */,
				731C3F422A5D3DA300A5277A /* MainViewModel.swift in Sources */,
				238F562F2910A6D60044214F /* KakaoMapModel.swift in Sources */,
				738DAB122B88823D00BE346C /* RestaurantService.swift in Sources */,
				A2A7966529A4702100A2F2E2 /* SelectRestaurantViewController.swift in Sources */,
				23166A7428FECD9D002AEFB7 /* SceneDelegate.swift in Sources */,
				734360052A2DB55800845A1B /* MainService.swift in Sources */,
				73DF1D8E2A98A23A0097DB63 /* RestaurantSelectCell.swift in Sources */,
				A202858129C7520C008A7853 /* RestaurantModel.swift in Sources */,
				23B9E8992911356D009B6D8F /* ScreenManager.swift in Sources */,
				A2EA100B29F3FAD4000D600B /* SettingResTableViewCell.swift in Sources */,
				23C993A629108F7800B8D1E4 /* HeartViewController.swift in Sources */,
				2373E4E5290AC93000D51B8E /* APIManager.swift in Sources */,
				73DF1D892A9897180097DB63 /* CGFloat+.swift in Sources */,
				23B9E8972911336A009B6D8F /* RestaurantMainViewController.swift in Sources */,
				A23F2DB129A2F9750046ED70 /* SubmitViewController.swift in Sources */,
				2324102E28FF2C9F0095C0CC /* FormatManager.swift in Sources */,
				A23DA70729A7EFEA003FDA56 /* DeviceIdManager.swift in Sources */,
				23451DEB29117355006AE030 /* WebViewController.swift in Sources */,
				238F56312910AA0F0044214F /* MainBaseViewController.swift in Sources */,
				23451DE929116964006AE030 /* RestaurantTagViewController.swift in Sources */,
				23735B0128FEDBF900599221 /* UIColor.swift in Sources */,
				7329D7612B82EAB100D24D8F /* HeartViewModel.swift in Sources */,
				A2431C8C29A3473D00D8E493 /* String+.swift in Sources */,
				73178AC129EAFC3A001C3AA4 /* MapInfoView.swift in Sources */,
				7303B8B02A0AA28F004C4C52 /* GoogleMobileAdsController.swift in Sources */,
				A23F2DB829A3131C0046ED70 /* SplashViewController.swift in Sources */,
				73A9DAFA2B8BB12D00D10102 /* RestaurantViewModel.swift in Sources */,
			);
			runOnlyForDeploymentPostprocessing = 0;
		};
		23166A8028FECD9E002AEFB7 /* Sources */ = {
			isa = PBXSourcesBuildPhase;
			buildActionMask = 2147483647;
			files = (
				23166A8928FECD9F002AEFB7 /* MYONGSIKTests.swift in Sources */,
			);
			runOnlyForDeploymentPostprocessing = 0;
		};
		23166A8A28FECD9F002AEFB7 /* Sources */ = {
			isa = PBXSourcesBuildPhase;
			buildActionMask = 2147483647;
			files = (
				23166A9528FECD9F002AEFB7 /* MYONGSIKUITestsLaunchTests.swift in Sources */,
				23166A9328FECD9F002AEFB7 /* MYONGSIKUITests.swift in Sources */,
			);
			runOnlyForDeploymentPostprocessing = 0;
		};
		A258496529E687C900E75568 /* Sources */ = {
			isa = PBXSourcesBuildPhase;
			buildActionMask = 2147483647;
			files = (
				A258497429E687C900E75568 /* DailyFoodWidget.swift in Sources */,
				A2EA100F29F412AA000D600B /* UserDefaults+.swift in Sources */,
				A258497029E687C900E75568 /* DailyFoodWidgetBundle.swift in Sources */,
			);
			runOnlyForDeploymentPostprocessing = 0;
		};
/* End PBXSourcesBuildPhase section */

/* Begin PBXTargetDependency section */
		23166A8628FECD9E002AEFB7 /* PBXTargetDependency */ = {
			isa = PBXTargetDependency;
			target = 23166A6D28FECD9C002AEFB7 /* MYONGSIK */;
			targetProxy = 23166A8528FECD9E002AEFB7 /* PBXContainerItemProxy */;
		};
		23166A9028FECD9F002AEFB7 /* PBXTargetDependency */ = {
			isa = PBXTargetDependency;
			target = 23166A6D28FECD9C002AEFB7 /* MYONGSIK */;
			targetProxy = 23166A8F28FECD9F002AEFB7 /* PBXContainerItemProxy */;
		};
		A258497929E687CA00E75568 /* PBXTargetDependency */ = {
			isa = PBXTargetDependency;
			target = A258496829E687C900E75568 /* DailyFoodWidgetExtension */;
			targetProxy = A258497829E687CA00E75568 /* PBXContainerItemProxy */;
		};
/* End PBXTargetDependency section */

/* Begin PBXVariantGroup section */
		23166A7728FECD9D002AEFB7 /* Main.storyboard */ = {
			isa = PBXVariantGroup;
			children = (
				23166A7828FECD9D002AEFB7 /* Base */,
			);
			name = Main.storyboard;
			sourceTree = "<group>";
		};
		23166A7C28FECD9E002AEFB7 /* LaunchScreen.storyboard */ = {
			isa = PBXVariantGroup;
			children = (
				23166A7D28FECD9E002AEFB7 /* Base */,
			);
			name = LaunchScreen.storyboard;
			sourceTree = "<group>";
		};
		2348C672290074AB00355B53 /* InfoPlist.strings */ = {
			isa = PBXVariantGroup;
			children = (
				2348C671290074AB00355B53 /* en */,
				2348C673290074D100355B53 /* ko */,
			);
			name = InfoPlist.strings;
			sourceTree = "<group>";
		};
/* End PBXVariantGroup section */

/* Begin XCBuildConfiguration section */
		23166A9628FECD9F002AEFB7 /* Debug */ = {
			isa = XCBuildConfiguration;
			buildSettings = {
				ALWAYS_SEARCH_USER_PATHS = NO;
				CLANG_ANALYZER_LOCALIZABILITY_NONLOCALIZED = YES;
				CLANG_ANALYZER_NONNULL = YES;
				CLANG_ANALYZER_NUMBER_OBJECT_CONVERSION = YES_AGGRESSIVE;
				CLANG_CXX_LANGUAGE_STANDARD = "gnu++17";
				CLANG_ENABLE_MODULES = YES;
				CLANG_ENABLE_OBJC_ARC = YES;
				CLANG_ENABLE_OBJC_WEAK = YES;
				CLANG_WARN_BLOCK_CAPTURE_AUTORELEASING = YES;
				CLANG_WARN_BOOL_CONVERSION = YES;
				CLANG_WARN_COMMA = YES;
				CLANG_WARN_CONSTANT_CONVERSION = YES;
				CLANG_WARN_DEPRECATED_OBJC_IMPLEMENTATIONS = YES;
				CLANG_WARN_DIRECT_OBJC_ISA_USAGE = YES_ERROR;
				CLANG_WARN_DOCUMENTATION_COMMENTS = YES;
				CLANG_WARN_EMPTY_BODY = YES;
				CLANG_WARN_ENUM_CONVERSION = YES;
				CLANG_WARN_INFINITE_RECURSION = YES;
				CLANG_WARN_INT_CONVERSION = YES;
				CLANG_WARN_NON_LITERAL_NULL_CONVERSION = YES;
				CLANG_WARN_OBJC_IMPLICIT_RETAIN_SELF = YES;
				CLANG_WARN_OBJC_LITERAL_CONVERSION = YES;
				CLANG_WARN_OBJC_ROOT_CLASS = YES_ERROR;
				CLANG_WARN_QUOTED_INCLUDE_IN_FRAMEWORK_HEADER = YES;
				CLANG_WARN_RANGE_LOOP_ANALYSIS = YES;
				CLANG_WARN_STRICT_PROTOTYPES = YES;
				CLANG_WARN_SUSPICIOUS_MOVE = YES;
				CLANG_WARN_UNGUARDED_AVAILABILITY = YES_AGGRESSIVE;
				CLANG_WARN_UNREACHABLE_CODE = YES;
				CLANG_WARN__DUPLICATE_METHOD_MATCH = YES;
				COPY_PHASE_STRIP = NO;
				DEBUG_INFORMATION_FORMAT = dwarf;
				DEVELOPMENT_TEAM = 5XGLRW6VG4;
				ENABLE_STRICT_OBJC_MSGSEND = YES;
				ENABLE_TESTABILITY = YES;
				GCC_C_LANGUAGE_STANDARD = gnu11;
				GCC_DYNAMIC_NO_PIC = NO;
				GCC_NO_COMMON_BLOCKS = YES;
				GCC_OPTIMIZATION_LEVEL = 0;
				GCC_PREPROCESSOR_DEFINITIONS = (
					"DEBUG=1",
					"$(inherited)",
				);
				GCC_WARN_64_TO_32_BIT_CONVERSION = YES;
				GCC_WARN_ABOUT_RETURN_TYPE = YES_ERROR;
				GCC_WARN_UNDECLARED_SELECTOR = YES;
				GCC_WARN_UNINITIALIZED_AUTOS = YES_AGGRESSIVE;
				GCC_WARN_UNUSED_FUNCTION = YES;
				GCC_WARN_UNUSED_VARIABLE = YES;
				IPHONEOS_DEPLOYMENT_TARGET = 15.5;
				MTL_ENABLE_DEBUG_INFO = INCLUDE_SOURCE;
				MTL_FAST_MATH = YES;
				ONLY_ACTIVE_ARCH = YES;
				SDKROOT = iphoneos;
				SWIFT_ACTIVE_COMPILATION_CONDITIONS = DEBUG;
				SWIFT_OPTIMIZATION_LEVEL = "-Onone";
			};
			name = Debug;
		};
		23166A9728FECD9F002AEFB7 /* Release */ = {
			isa = XCBuildConfiguration;
			buildSettings = {
				ALWAYS_SEARCH_USER_PATHS = NO;
				CLANG_ANALYZER_LOCALIZABILITY_NONLOCALIZED = YES;
				CLANG_ANALYZER_NONNULL = YES;
				CLANG_ANALYZER_NUMBER_OBJECT_CONVERSION = YES_AGGRESSIVE;
				CLANG_CXX_LANGUAGE_STANDARD = "gnu++17";
				CLANG_ENABLE_MODULES = YES;
				CLANG_ENABLE_OBJC_ARC = YES;
				CLANG_ENABLE_OBJC_WEAK = YES;
				CLANG_WARN_BLOCK_CAPTURE_AUTORELEASING = YES;
				CLANG_WARN_BOOL_CONVERSION = YES;
				CLANG_WARN_COMMA = YES;
				CLANG_WARN_CONSTANT_CONVERSION = YES;
				CLANG_WARN_DEPRECATED_OBJC_IMPLEMENTATIONS = YES;
				CLANG_WARN_DIRECT_OBJC_ISA_USAGE = YES_ERROR;
				CLANG_WARN_DOCUMENTATION_COMMENTS = YES;
				CLANG_WARN_EMPTY_BODY = YES;
				CLANG_WARN_ENUM_CONVERSION = YES;
				CLANG_WARN_INFINITE_RECURSION = YES;
				CLANG_WARN_INT_CONVERSION = YES;
				CLANG_WARN_NON_LITERAL_NULL_CONVERSION = YES;
				CLANG_WARN_OBJC_IMPLICIT_RETAIN_SELF = YES;
				CLANG_WARN_OBJC_LITERAL_CONVERSION = YES;
				CLANG_WARN_OBJC_ROOT_CLASS = YES_ERROR;
				CLANG_WARN_QUOTED_INCLUDE_IN_FRAMEWORK_HEADER = YES;
				CLANG_WARN_RANGE_LOOP_ANALYSIS = YES;
				CLANG_WARN_STRICT_PROTOTYPES = YES;
				CLANG_WARN_SUSPICIOUS_MOVE = YES;
				CLANG_WARN_UNGUARDED_AVAILABILITY = YES_AGGRESSIVE;
				CLANG_WARN_UNREACHABLE_CODE = YES;
				CLANG_WARN__DUPLICATE_METHOD_MATCH = YES;
				COPY_PHASE_STRIP = NO;
				DEBUG_INFORMATION_FORMAT = "dwarf-with-dsym";
				DEVELOPMENT_TEAM = 5XGLRW6VG4;
				ENABLE_NS_ASSERTIONS = NO;
				ENABLE_STRICT_OBJC_MSGSEND = YES;
				GCC_C_LANGUAGE_STANDARD = gnu11;
				GCC_NO_COMMON_BLOCKS = YES;
				GCC_WARN_64_TO_32_BIT_CONVERSION = YES;
				GCC_WARN_ABOUT_RETURN_TYPE = YES_ERROR;
				GCC_WARN_UNDECLARED_SELECTOR = YES;
				GCC_WARN_UNINITIALIZED_AUTOS = YES_AGGRESSIVE;
				GCC_WARN_UNUSED_FUNCTION = YES;
				GCC_WARN_UNUSED_VARIABLE = YES;
				IPHONEOS_DEPLOYMENT_TARGET = 15.5;
				MTL_ENABLE_DEBUG_INFO = NO;
				MTL_FAST_MATH = YES;
				SDKROOT = iphoneos;
				SWIFT_COMPILATION_MODE = wholemodule;
				SWIFT_OPTIMIZATION_LEVEL = "-O";
				VALIDATE_PRODUCT = YES;
			};
			name = Release;
		};
		23166A9928FECD9F002AEFB7 /* Debug */ = {
			isa = XCBuildConfiguration;
			baseConfigurationReference = 77CEA1CD0123C0563A94A6E1 /* Pods-MYONGSIK.debug.xcconfig */;
			buildSettings = {
				ALWAYS_EMBED_SWIFT_STANDARD_LIBRARIES = YES;
				ASSETCATALOG_COMPILER_APPICON_NAME = AppIcon;
				ASSETCATALOG_COMPILER_GLOBAL_ACCENT_COLOR_NAME = AccentColor;
				CLANG_ENABLE_OBJC_ARC = YES;
				CLANG_ENABLE_OBJC_WEAK = NO;
				CODE_SIGN_ENTITLEMENTS = MYONGSIK/MYONGSIK.entitlements;
				CODE_SIGN_IDENTITY = "Apple Development";
				CODE_SIGN_STYLE = Automatic;
				CURRENT_PROJECT_VERSION = 1;
				DEAD_CODE_STRIPPING = NO;
				DEVELOPMENT_TEAM = 5XGLRW6VG4;
				"EXCLUDED_ARCHS[sdk=iphonesimulator*]" = "";
				FRAMEWORK_SEARCH_PATHS = (
					"$(inherited)",
					"$(PROJECT_DIR)/IOS_DaumMap_SDK_1.4.0/lib/DaumMap.embeddedframework",
					"$(PROJECT_DIR)/DaumMap.embeddedframework",
				);
				GENERATE_INFOPLIST_FILE = YES;
				INFOPLIST_FILE = MYONGSIK/Info.plist;
				INFOPLIST_KEY_NSLocationWhenInUseUsageDescription = "위치정보 권한이 필요합니다. (앱을 사용하는 동안에만 위치정보를 수신합니다.)";
				INFOPLIST_KEY_UIApplicationSupportsIndirectInputEvents = YES;
				INFOPLIST_KEY_UILaunchStoryboardName = LaunchScreen;
				INFOPLIST_KEY_UIMainStoryboardFile = Main;
				INFOPLIST_KEY_UISupportedInterfaceOrientations = UIInterfaceOrientationPortrait;
				INFOPLIST_KEY_UISupportedInterfaceOrientations_iPad = "UIInterfaceOrientationLandscapeLeft UIInterfaceOrientationLandscapeRight UIInterfaceOrientationPortrait UIInterfaceOrientationPortraitUpsideDown";
				INFOPLIST_KEY_UIUserInterfaceStyle = Light;
				IPHONEOS_DEPLOYMENT_TARGET = 15.5;
				LD_RUNPATH_SEARCH_PATHS = (
					"$(inherited)",
					"@executable_path/Frameworks",
				);
				MARKETING_VERSION = 1.1.16;
				PRODUCT_BUNDLE_IDENTIFIER = gomin.MYONGSIK;
				PRODUCT_NAME = "$(TARGET_NAME)";
				PROVISIONING_PROFILE_SPECIFIER = "";
				SUPPORTED_PLATFORMS = "iphoneos iphonesimulator";
				SUPPORTS_MACCATALYST = NO;
				SUPPORTS_MAC_DESIGNED_FOR_IPHONE_IPAD = NO;
				SUPPORTS_XR_DESIGNED_FOR_IPHONE_IPAD = NO;
				SWIFT_EMIT_LOC_STRINGS = YES;
				SWIFT_VERSION = 5.0;
				TARGETED_DEVICE_FAMILY = "1,2";
			};
			name = Debug;
		};
		23166A9A28FECD9F002AEFB7 /* Release */ = {
			isa = XCBuildConfiguration;
			baseConfigurationReference = AE9F16CCD51F90ED1842BEA4 /* Pods-MYONGSIK.release.xcconfig */;
			buildSettings = {
				ALWAYS_EMBED_SWIFT_STANDARD_LIBRARIES = YES;
				ASSETCATALOG_COMPILER_APPICON_NAME = AppIcon;
				ASSETCATALOG_COMPILER_GLOBAL_ACCENT_COLOR_NAME = AccentColor;
				CLANG_ENABLE_OBJC_ARC = YES;
				CLANG_ENABLE_OBJC_WEAK = NO;
				CODE_SIGN_ENTITLEMENTS = MYONGSIK/MYONGSIK.entitlements;
				CODE_SIGN_IDENTITY = "Apple Development";
				CODE_SIGN_STYLE = Automatic;
				CURRENT_PROJECT_VERSION = 1;
				DEAD_CODE_STRIPPING = NO;
				DEVELOPMENT_TEAM = 5XGLRW6VG4;
				"EXCLUDED_ARCHS[sdk=iphonesimulator*]" = "";
				FRAMEWORK_SEARCH_PATHS = (
					"$(inherited)",
					"$(PROJECT_DIR)/IOS_DaumMap_SDK_1.4.0/lib/DaumMap.embeddedframework",
					"$(PROJECT_DIR)/DaumMap.embeddedframework",
				);
				GENERATE_INFOPLIST_FILE = YES;
				INFOPLIST_FILE = MYONGSIK/Info.plist;
				INFOPLIST_KEY_NSLocationWhenInUseUsageDescription = "위치정보 권한이 필요합니다. (앱을 사용하는 동안에만 위치정보를 수신합니다.)";
				INFOPLIST_KEY_UIApplicationSupportsIndirectInputEvents = YES;
				INFOPLIST_KEY_UILaunchStoryboardName = LaunchScreen;
				INFOPLIST_KEY_UIMainStoryboardFile = Main;
				INFOPLIST_KEY_UISupportedInterfaceOrientations = UIInterfaceOrientationPortrait;
				INFOPLIST_KEY_UISupportedInterfaceOrientations_iPad = "UIInterfaceOrientationLandscapeLeft UIInterfaceOrientationLandscapeRight UIInterfaceOrientationPortrait UIInterfaceOrientationPortraitUpsideDown";
				INFOPLIST_KEY_UIUserInterfaceStyle = Light;
				IPHONEOS_DEPLOYMENT_TARGET = 15.5;
				LD_RUNPATH_SEARCH_PATHS = (
					"$(inherited)",
					"@executable_path/Frameworks",
				);
				MARKETING_VERSION = 1.1.16;
				PRODUCT_BUNDLE_IDENTIFIER = gomin.MYONGSIK;
				PRODUCT_NAME = "$(TARGET_NAME)";
				PROVISIONING_PROFILE_SPECIFIER = "";
				SUPPORTED_PLATFORMS = "iphoneos iphonesimulator";
				SUPPORTS_MACCATALYST = NO;
				SUPPORTS_MAC_DESIGNED_FOR_IPHONE_IPAD = NO;
				SUPPORTS_XR_DESIGNED_FOR_IPHONE_IPAD = NO;
				SWIFT_EMIT_LOC_STRINGS = YES;
				SWIFT_VERSION = 5.0;
				TARGETED_DEVICE_FAMILY = "1,2";
			};
			name = Release;
		};
		23166A9C28FECD9F002AEFB7 /* Debug */ = {
			isa = XCBuildConfiguration;
			baseConfigurationReference = 409643676213BA9A3C80FD32 /* Pods-MYONGSIKTests.debug.xcconfig */;
			buildSettings = {
				ALWAYS_EMBED_SWIFT_STANDARD_LIBRARIES = YES;
				BUNDLE_LOADER = "$(TEST_HOST)";
				CODE_SIGN_STYLE = Automatic;
				CURRENT_PROJECT_VERSION = 1;
				GENERATE_INFOPLIST_FILE = YES;
				IPHONEOS_DEPLOYMENT_TARGET = 15.5;
				MARKETING_VERSION = 1.0;
				PRODUCT_BUNDLE_IDENTIFIER = gomin.MYONGSIKTests;
				PRODUCT_NAME = "$(TARGET_NAME)";
				SWIFT_EMIT_LOC_STRINGS = NO;
				SWIFT_VERSION = 5.0;
				TARGETED_DEVICE_FAMILY = "1,2";
				TEST_HOST = "$(BUILT_PRODUCTS_DIR)/MYONGSIK.app/MYONGSIK";
			};
			name = Debug;
		};
		23166A9D28FECD9F002AEFB7 /* Release */ = {
			isa = XCBuildConfiguration;
			baseConfigurationReference = 108AE19554B82CED05D5D05C /* Pods-MYONGSIKTests.release.xcconfig */;
			buildSettings = {
				ALWAYS_EMBED_SWIFT_STANDARD_LIBRARIES = YES;
				BUNDLE_LOADER = "$(TEST_HOST)";
				CODE_SIGN_STYLE = Automatic;
				CURRENT_PROJECT_VERSION = 1;
				GENERATE_INFOPLIST_FILE = YES;
				IPHONEOS_DEPLOYMENT_TARGET = 15.5;
				MARKETING_VERSION = 1.0;
				PRODUCT_BUNDLE_IDENTIFIER = gomin.MYONGSIKTests;
				PRODUCT_NAME = "$(TARGET_NAME)";
				SWIFT_EMIT_LOC_STRINGS = NO;
				SWIFT_VERSION = 5.0;
				TARGETED_DEVICE_FAMILY = "1,2";
				TEST_HOST = "$(BUILT_PRODUCTS_DIR)/MYONGSIK.app/MYONGSIK";
			};
			name = Release;
		};
		23166A9F28FECD9F002AEFB7 /* Debug */ = {
			isa = XCBuildConfiguration;
			baseConfigurationReference = 05499D88CFD8F6094E3854DF /* Pods-MYONGSIK-MYONGSIKUITests.debug.xcconfig */;
			buildSettings = {
				ALWAYS_EMBED_SWIFT_STANDARD_LIBRARIES = YES;
				CODE_SIGN_STYLE = Automatic;
				CURRENT_PROJECT_VERSION = 1;
				GENERATE_INFOPLIST_FILE = YES;
				MARKETING_VERSION = 1.0;
				PRODUCT_BUNDLE_IDENTIFIER = gomin.MYONGSIKUITests;
				PRODUCT_NAME = "$(TARGET_NAME)";
				SWIFT_EMIT_LOC_STRINGS = NO;
				SWIFT_VERSION = 5.0;
				TARGETED_DEVICE_FAMILY = "1,2";
				TEST_TARGET_NAME = MYONGSIK;
			};
			name = Debug;
		};
		23166AA028FECD9F002AEFB7 /* Release */ = {
			isa = XCBuildConfiguration;
			baseConfigurationReference = 7595CF6EE606B781645AD9EB /* Pods-MYONGSIK-MYONGSIKUITests.release.xcconfig */;
			buildSettings = {
				ALWAYS_EMBED_SWIFT_STANDARD_LIBRARIES = YES;
				CODE_SIGN_STYLE = Automatic;
				CURRENT_PROJECT_VERSION = 1;
				GENERATE_INFOPLIST_FILE = YES;
				MARKETING_VERSION = 1.0;
				PRODUCT_BUNDLE_IDENTIFIER = gomin.MYONGSIKUITests;
				PRODUCT_NAME = "$(TARGET_NAME)";
				SWIFT_EMIT_LOC_STRINGS = NO;
				SWIFT_VERSION = 5.0;
				TARGETED_DEVICE_FAMILY = "1,2";
				TEST_TARGET_NAME = MYONGSIK;
			};
			name = Release;
		};
		A258497C29E687CA00E75568 /* Debug */ = {
			isa = XCBuildConfiguration;
			buildSettings = {
				ASSETCATALOG_COMPILER_GLOBAL_ACCENT_COLOR_NAME = AccentColor;
				ASSETCATALOG_COMPILER_WIDGET_BACKGROUND_COLOR_NAME = WidgetBackground;
				CLANG_CXX_LANGUAGE_STANDARD = "gnu++20";
				CODE_SIGN_ENTITLEMENTS = DailyFoodWidgetExtension.entitlements;
				CODE_SIGN_IDENTITY = "Apple Development";
				CODE_SIGN_STYLE = Automatic;
				CURRENT_PROJECT_VERSION = 1;
				DEVELOPMENT_TEAM = 5XGLRW6VG4;
				GENERATE_INFOPLIST_FILE = YES;
				INFOPLIST_FILE = DailyFoodWidget/Info.plist;
				INFOPLIST_KEY_CFBundleDisplayName = DailyFoodWidget;
				INFOPLIST_KEY_NSHumanReadableCopyright = "";
				IPHONEOS_DEPLOYMENT_TARGET = 15.5;
				LD_RUNPATH_SEARCH_PATHS = (
					"$(inherited)",
					"@executable_path/Frameworks",
					"@executable_path/../../Frameworks",
				);
				MARKETING_VERSION = 1.1.16;
				PRODUCT_BUNDLE_IDENTIFIER = gomin.MYONGSIK.DailyFoodWidget;
				PRODUCT_NAME = "$(TARGET_NAME)";
				PROVISIONING_PROFILE_SPECIFIER = "";
				SKIP_INSTALL = YES;
				SWIFT_EMIT_LOC_STRINGS = YES;
				SWIFT_VERSION = 5.0;
				TARGETED_DEVICE_FAMILY = "1,2";
			};
			name = Debug;
		};
		A258497D29E687CA00E75568 /* Release */ = {
			isa = XCBuildConfiguration;
			buildSettings = {
				ASSETCATALOG_COMPILER_GLOBAL_ACCENT_COLOR_NAME = AccentColor;
				ASSETCATALOG_COMPILER_WIDGET_BACKGROUND_COLOR_NAME = WidgetBackground;
				CLANG_CXX_LANGUAGE_STANDARD = "gnu++20";
				CODE_SIGN_ENTITLEMENTS = DailyFoodWidgetExtension.entitlements;
				CODE_SIGN_IDENTITY = "Apple Development";
				CODE_SIGN_STYLE = Automatic;
				CURRENT_PROJECT_VERSION = 1;
				DEVELOPMENT_TEAM = 5XGLRW6VG4;
				GENERATE_INFOPLIST_FILE = YES;
				INFOPLIST_FILE = DailyFoodWidget/Info.plist;
				INFOPLIST_KEY_CFBundleDisplayName = DailyFoodWidget;
				INFOPLIST_KEY_NSHumanReadableCopyright = "";
				IPHONEOS_DEPLOYMENT_TARGET = 15.5;
				LD_RUNPATH_SEARCH_PATHS = (
					"$(inherited)",
					"@executable_path/Frameworks",
					"@executable_path/../../Frameworks",
				);
				MARKETING_VERSION = 1.1.16;
				PRODUCT_BUNDLE_IDENTIFIER = gomin.MYONGSIK.DailyFoodWidget;
				PRODUCT_NAME = "$(TARGET_NAME)";
				PROVISIONING_PROFILE_SPECIFIER = "";
				SKIP_INSTALL = YES;
				SWIFT_EMIT_LOC_STRINGS = YES;
				SWIFT_VERSION = 5.0;
				TARGETED_DEVICE_FAMILY = "1,2";
			};
			name = Release;
		};
/* End XCBuildConfiguration section */

/* Begin XCConfigurationList section */
		23166A6928FECD9C002AEFB7 /* Build configuration list for PBXProject "MYONGSIK" */ = {
			isa = XCConfigurationList;
			buildConfigurations = (
				23166A9628FECD9F002AEFB7 /* Debug */,
				23166A9728FECD9F002AEFB7 /* Release */,
			);
			defaultConfigurationIsVisible = 0;
			defaultConfigurationName = Release;
		};
		23166A9828FECD9F002AEFB7 /* Build configuration list for PBXNativeTarget "MYONGSIK" */ = {
			isa = XCConfigurationList;
			buildConfigurations = (
				23166A9928FECD9F002AEFB7 /* Debug */,
				23166A9A28FECD9F002AEFB7 /* Release */,
			);
			defaultConfigurationIsVisible = 0;
			defaultConfigurationName = Release;
		};
		23166A9B28FECD9F002AEFB7 /* Build configuration list for PBXNativeTarget "MYONGSIKTests" */ = {
			isa = XCConfigurationList;
			buildConfigurations = (
				23166A9C28FECD9F002AEFB7 /* Debug */,
				23166A9D28FECD9F002AEFB7 /* Release */,
			);
			defaultConfigurationIsVisible = 0;
			defaultConfigurationName = Release;
		};
		23166A9E28FECD9F002AEFB7 /* Build configuration list for PBXNativeTarget "MYONGSIKUITests" */ = {
			isa = XCConfigurationList;
			buildConfigurations = (
				23166A9F28FECD9F002AEFB7 /* Debug */,
				23166AA028FECD9F002AEFB7 /* Release */,
			);
			defaultConfigurationIsVisible = 0;
			defaultConfigurationName = Release;
		};
		A258497E29E687CA00E75568 /* Build configuration list for PBXNativeTarget "DailyFoodWidgetExtension" */ = {
			isa = XCConfigurationList;
			buildConfigurations = (
				A258497C29E687CA00E75568 /* Debug */,
				A258497D29E687CA00E75568 /* Release */,
			);
			defaultConfigurationIsVisible = 0;
			defaultConfigurationName = Release;
		};
/* End XCConfigurationList section */

/* Begin XCRemoteSwiftPackageReference section */
		A202857D29C5B339008A7853 /* XCRemoteSwiftPackageReference "Toast-Swift" */ = {
			isa = XCRemoteSwiftPackageReference;
			repositoryURL = "https://github.com/scalessec/Toast-Swift.git";
			requirement = {
				kind = upToNextMinorVersion;
				minimumVersion = 5.0.0;
			};
		};
/* End XCRemoteSwiftPackageReference section */

/* Begin XCSwiftPackageProductDependency section */
		A202857E29C5B339008A7853 /* Toast */ = {
			isa = XCSwiftPackageProductDependency;
			package = A202857D29C5B339008A7853 /* XCRemoteSwiftPackageReference "Toast-Swift" */;
			productName = Toast;
		};
/* End XCSwiftPackageProductDependency section */
	};
	rootObject = 23166A6628FECD9C002AEFB7 /* Project object */;
}
